// !$*UTF8*$!
{
	archiveVersion = 1;
	classes = {
	};
	objectVersion = 46;
	objects = {

/* Begin PBXBuildFile section */
		0914A0991D125AEF00B95D6F /* Default-568h@2x.png in Resources */ = {isa = PBXBuildFile; fileRef = 0914A0981D125AEF00B95D6F /* Default-568h@2x.png */; };
		B376ADE115C714C100BA3CA1 /* apple.jpg in Resources */ = {isa = PBXBuildFile; fileRef = B376ADB915C714C100BA3CA1 /* apple.jpg */; };
		B376ADE215C714C100BA3CA1 /* blackButton.png in Resources */ = {isa = PBXBuildFile; fileRef = B376ADBB15C714C100BA3CA1 /* blackButton.png */; };
		B376ADE315C714C100BA3CA1 /* blackButton@2x.png in Resources */ = {isa = PBXBuildFile; fileRef = B376ADBC15C714C100BA3CA1 /* blackButton@2x.png */; };
		B376ADE415C714C100BA3CA1 /* blackButtonHighlight.png in Resources */ = {isa = PBXBuildFile; fileRef = B376ADBD15C714C100BA3CA1 /* blackButtonHighlight.png */; };
		B376ADE515C714C100BA3CA1 /* blackButtonHighlight@2x.png in Resources */ = {isa = PBXBuildFile; fileRef = B376ADBE15C714C100BA3CA1 /* blackButtonHighlight@2x.png */; };
		B376ADE615C714C100BA3CA1 /* blueButton.png in Resources */ = {isa = PBXBuildFile; fileRef = B376ADBF15C714C100BA3CA1 /* blueButton.png */; };
		B376ADE715C714C100BA3CA1 /* blueButton@2x.png in Resources */ = {isa = PBXBuildFile; fileRef = B376ADC015C714C100BA3CA1 /* blueButton@2x.png */; };
		B376ADE815C714C100BA3CA1 /* blueButtonHighlight.png in Resources */ = {isa = PBXBuildFile; fileRef = B376ADC115C714C100BA3CA1 /* blueButtonHighlight.png */; };
		B376ADE915C714C100BA3CA1 /* blueButtonHighlight@2x.png in Resources */ = {isa = PBXBuildFile; fileRef = B376ADC215C714C100BA3CA1 /* blueButtonHighlight@2x.png */; };
		B376ADEA15C714C100BA3CA1 /* greenButton.png in Resources */ = {isa = PBXBuildFile; fileRef = B376ADC315C714C100BA3CA1 /* greenButton.png */; };
		B376ADEB15C714C100BA3CA1 /* greenButton@2x.png in Resources */ = {isa = PBXBuildFile; fileRef = B376ADC415C714C100BA3CA1 /* greenButton@2x.png */; };
		B376ADEC15C714C100BA3CA1 /* greenButtonHighlight.png in Resources */ = {isa = PBXBuildFile; fileRef = B376ADC515C714C100BA3CA1 /* greenButtonHighlight.png */; };
		B376ADED15C714C100BA3CA1 /* greenButtonHighlight@2x.png in Resources */ = {isa = PBXBuildFile; fileRef = B376ADC615C714C100BA3CA1 /* greenButtonHighlight@2x.png */; };
		B376ADEE15C714C100BA3CA1 /* greyButton.png in Resources */ = {isa = PBXBuildFile; fileRef = B376ADC715C714C100BA3CA1 /* greyButton.png */; };
		B376ADEF15C714C100BA3CA1 /* greyButton@2x.png in Resources */ = {isa = PBXBuildFile; fileRef = B376ADC815C714C100BA3CA1 /* greyButton@2x.png */; };
		B376ADF015C714C100BA3CA1 /* greyButton@2xpng in Resources */ = {isa = PBXBuildFile; fileRef = B376ADC915C714C100BA3CA1 /* greyButton@2xpng */; };
		B376ADF115C714C100BA3CA1 /* greyButtonHighlight.png in Resources */ = {isa = PBXBuildFile; fileRef = B376ADCA15C714C100BA3CA1 /* greyButtonHighlight.png */; };
		B376ADF215C714C100BA3CA1 /* greyButtonHighlight@2x.png in Resources */ = {isa = PBXBuildFile; fileRef = B376ADCB15C714C100BA3CA1 /* greyButtonHighlight@2x.png */; };
		B376ADF315C714C100BA3CA1 /* orangeButton.png in Resources */ = {isa = PBXBuildFile; fileRef = B376ADCC15C714C100BA3CA1 /* orangeButton.png */; };
		B376ADF415C714C100BA3CA1 /* orangeButton@2x.png in Resources */ = {isa = PBXBuildFile; fileRef = B376ADCD15C714C100BA3CA1 /* orangeButton@2x.png */; };
		B376ADF515C714C100BA3CA1 /* orangeButtonHighlight.png in Resources */ = {isa = PBXBuildFile; fileRef = B376ADCE15C714C100BA3CA1 /* orangeButtonHighlight.png */; };
		B376ADF615C714C100BA3CA1 /* orangeButtonHighlight@2x.png in Resources */ = {isa = PBXBuildFile; fileRef = B376ADCF15C714C100BA3CA1 /* orangeButtonHighlight@2x.png */; };
		B376ADF715C714C100BA3CA1 /* tanButton.png in Resources */ = {isa = PBXBuildFile; fileRef = B376ADD015C714C100BA3CA1 /* tanButton.png */; };
		B376ADF815C714C100BA3CA1 /* tanButton@2x.png in Resources */ = {isa = PBXBuildFile; fileRef = B376ADD115C714C100BA3CA1 /* tanButton@2x.png */; };
		B376ADF915C714C100BA3CA1 /* tanButtonHighlight.png in Resources */ = {isa = PBXBuildFile; fileRef = B376ADD215C714C100BA3CA1 /* tanButtonHighlight.png */; };
		B376ADFA15C714C100BA3CA1 /* tanButtonHighlight@2x.png in Resources */ = {isa = PBXBuildFile; fileRef = B376ADD315C714C100BA3CA1 /* tanButtonHighlight@2x.png */; };
		B376ADFB15C714C100BA3CA1 /* whiteButton.png in Resources */ = {isa = PBXBuildFile; fileRef = B376ADD415C714C100BA3CA1 /* whiteButton.png */; };
		B376ADFC15C714C100BA3CA1 /* whiteButton@2x.png in Resources */ = {isa = PBXBuildFile; fileRef = B376ADD515C714C100BA3CA1 /* whiteButton@2x.png */; };
		B376ADFD15C714C100BA3CA1 /* whiteButtonHighlight.png in Resources */ = {isa = PBXBuildFile; fileRef = B376ADD615C714C100BA3CA1 /* whiteButtonHighlight.png */; };
		B376ADFE15C714C100BA3CA1 /* whiteButtonHighlight@2x.png in Resources */ = {isa = PBXBuildFile; fileRef = B376ADD715C714C100BA3CA1 /* whiteButtonHighlight@2x.png */; };
		B376ADFF15C714C100BA3CA1 /* nav.png in Resources */ = {isa = PBXBuildFile; fileRef = B376ADD915C714C100BA3CA1 /* nav.png */; };
		B376AE0015C714C100BA3CA1 /* nav@2x.png in Resources */ = {isa = PBXBuildFile; fileRef = B376ADDA15C714C100BA3CA1 /* nav@2x.png */; };
		B376AE0115C714C100BA3CA1 /* segment-selected@2x.png in Resources */ = {isa = PBXBuildFile; fileRef = B376ADDB15C714C100BA3CA1 /* segment-selected@2x.png */; };
		B376AE0215C714C100BA3CA1 /* segment-unselected@2x.png in Resources */ = {isa = PBXBuildFile; fileRef = B376ADDC15C714C100BA3CA1 /* segment-unselected@2x.png */; };
		B376AE0315C714C100BA3CA1 /* sel-unsel@2x.png in Resources */ = {isa = PBXBuildFile; fileRef = B376ADDD15C714C100BA3CA1 /* sel-unsel@2x.png */; };
		B376AE0415C714C100BA3CA1 /* unsel-sel@2x.png in Resources */ = {isa = PBXBuildFile; fileRef = B376ADDE15C714C100BA3CA1 /* unsel-sel@2x.png */; };
		B376AE0515C714C100BA3CA1 /* thumb-loading@2x.png in Resources */ = {isa = PBXBuildFile; fileRef = B376ADDF15C714C100BA3CA1 /* thumb-loading@2x.png */; };
		B376AE0615C714C100BA3CA1 /* thumbnail-loading.png in Resources */ = {isa = PBXBuildFile; fileRef = B376ADE015C714C100BA3CA1 /* thumbnail-loading.png */; };
		B376AE5F15C7229600BA3CA1 /* Add.png in Resources */ = {isa = PBXBuildFile; fileRef = B376AE0E15C7229600BA3CA1 /* Add.png */; };
		B376AE6015C7229600BA3CA1 /* Arrange Documents.png in Resources */ = {isa = PBXBuildFile; fileRef = B376AE0F15C7229600BA3CA1 /* Arrange Documents.png */; };
		B376AE6115C7229600BA3CA1 /* Battery 100 Percent.png in Resources */ = {isa = PBXBuildFile; fileRef = B376AE1015C7229600BA3CA1 /* Battery 100 Percent.png */; };
		B376AE6215C7229600BA3CA1 /* Battery 25 Percent.png in Resources */ = {isa = PBXBuildFile; fileRef = B376AE1115C7229600BA3CA1 /* Battery 25 Percent.png */; };
		B376AE6315C7229600BA3CA1 /* Battery 50 Percent.png in Resources */ = {isa = PBXBuildFile; fileRef = B376AE1215C7229600BA3CA1 /* Battery 50 Percent.png */; };
		B376AE6415C7229600BA3CA1 /* Battery 75 Percent.png in Resources */ = {isa = PBXBuildFile; fileRef = B376AE1315C7229600BA3CA1 /* Battery 75 Percent.png */; };
		B376AE6515C7229600BA3CA1 /* Battery Charging.png in Resources */ = {isa = PBXBuildFile; fileRef = B376AE1415C7229600BA3CA1 /* Battery Charging.png */; };
		B376AE6615C7229600BA3CA1 /* Blank Page.png in Resources */ = {isa = PBXBuildFile; fileRef = B376AE1515C7229600BA3CA1 /* Blank Page.png */; };
		B376AE6715C7229600BA3CA1 /* Blur Tool.png in Resources */ = {isa = PBXBuildFile; fileRef = B376AE1615C7229600BA3CA1 /* Blur Tool.png */; };
		B376AE6815C7229600BA3CA1 /* Calender.png in Resources */ = {isa = PBXBuildFile; fileRef = B376AE1715C7229600BA3CA1 /* Calender.png */; };
		B376AE6915C7229600BA3CA1 /* Camera.png in Resources */ = {isa = PBXBuildFile; fileRef = B376AE1815C7229600BA3CA1 /* Camera.png */; };
		B376AE6B15C7229600BA3CA1 /* cloud.png in Resources */ = {isa = PBXBuildFile; fileRef = B376AE1A15C7229600BA3CA1 /* cloud.png */; };
		B376AE6C15C7229600BA3CA1 /* Comment.png in Resources */ = {isa = PBXBuildFile; fileRef = B376AE1B15C7229600BA3CA1 /* Comment.png */; };
		B376AE6D15C7229600BA3CA1 /* Comments.png in Resources */ = {isa = PBXBuildFile; fileRef = B376AE1C15C7229600BA3CA1 /* Comments.png */; };
		B376AE6E15C7229600BA3CA1 /* Copy 1.png in Resources */ = {isa = PBXBuildFile; fileRef = B376AE1D15C7229600BA3CA1 /* Copy 1.png */; };
		B376AE6F15C7229600BA3CA1 /* Copy 2.png in Resources */ = {isa = PBXBuildFile; fileRef = B376AE1E15C7229600BA3CA1 /* Copy 2.png */; };
		B376AE7015C7229600BA3CA1 /* Credit Card.png in Resources */ = {isa = PBXBuildFile; fileRef = B376AE1F15C7229600BA3CA1 /* Credit Card.png */; };
		B376AE7115C7229600BA3CA1 /* Crop Tool.png in Resources */ = {isa = PBXBuildFile; fileRef = B376AE2015C7229600BA3CA1 /* Crop Tool.png */; };
		B376AE7215C7229600BA3CA1 /* Cross.png in Resources */ = {isa = PBXBuildFile; fileRef = B376AE2115C7229600BA3CA1 /* Cross.png */; };
		B376AE7315C7229600BA3CA1 /* Download.png in Resources */ = {isa = PBXBuildFile; fileRef = B376AE2215C7229600BA3CA1 /* Download.png */; };
		B376AE7415C7229600BA3CA1 /* Elliptical Marquee Tool.png in Resources */ = {isa = PBXBuildFile; fileRef = B376AE2315C7229600BA3CA1 /* Elliptical Marquee Tool.png */; };
		B376AE7515C7229600BA3CA1 /* Equalizer 1.png in Resources */ = {isa = PBXBuildFile; fileRef = B376AE2415C7229600BA3CA1 /* Equalizer 1.png */; };
		B376AE7615C7229600BA3CA1 /* Equalizer 2.png in Resources */ = {isa = PBXBuildFile; fileRef = B376AE2515C7229600BA3CA1 /* Equalizer 2.png */; };
		B376AE7715C7229600BA3CA1 /* Equalizer 3.png in Resources */ = {isa = PBXBuildFile; fileRef = B376AE2615C7229600BA3CA1 /* Equalizer 3.png */; };
		B376AE7815C7229600BA3CA1 /* Equalizer 4.png in Resources */ = {isa = PBXBuildFile; fileRef = B376AE2715C7229600BA3CA1 /* Equalizer 4.png */; };
		B376AE7915C7229600BA3CA1 /* Equalizer 5.png in Resources */ = {isa = PBXBuildFile; fileRef = B376AE2815C7229600BA3CA1 /* Equalizer 5.png */; };
		B376AE7A15C7229600BA3CA1 /* Equalizer 6.png in Resources */ = {isa = PBXBuildFile; fileRef = B376AE2915C7229600BA3CA1 /* Equalizer 6.png */; };
		B376AE7B15C7229600BA3CA1 /* Equalizer 7.png in Resources */ = {isa = PBXBuildFile; fileRef = B376AE2A15C7229600BA3CA1 /* Equalizer 7.png */; };
		B376AE7C15C7229600BA3CA1 /* Equalizer 8.png in Resources */ = {isa = PBXBuildFile; fileRef = B376AE2B15C7229600BA3CA1 /* Equalizer 8.png */; };
		B376AE7D15C7229600BA3CA1 /* Eraser.png in Resources */ = {isa = PBXBuildFile; fileRef = B376AE2C15C7229600BA3CA1 /* Eraser.png */; };
		B376AE7E15C7229600BA3CA1 /* Eyedropper Tool.png in Resources */ = {isa = PBXBuildFile; fileRef = B376AE2D15C7229600BA3CA1 /* Eyedropper Tool.png */; };
		B376AE7F15C7229600BA3CA1 /* Female User.png in Resources */ = {isa = PBXBuildFile; fileRef = B376AE2E15C7229600BA3CA1 /* Female User.png */; };
		B376AE8015C7229600BA3CA1 /* Full Screen Mode.png in Resources */ = {isa = PBXBuildFile; fileRef = B376AE2F15C7229600BA3CA1 /* Full Screen Mode.png */; };
		B376AE8115C7229600BA3CA1 /* Graph 1.png in Resources */ = {isa = PBXBuildFile; fileRef = B376AE3015C7229600BA3CA1 /* Graph 1.png */; };
		B376AE8215C7229600BA3CA1 /* Graph 2.png in Resources */ = {isa = PBXBuildFile; fileRef = B376AE3115C7229600BA3CA1 /* Graph 2.png */; };
		B376AE8315C7229600BA3CA1 /* Graph 3.png in Resources */ = {isa = PBXBuildFile; fileRef = B376AE3215C7229600BA3CA1 /* Graph 3.png */; };
		B376AE8415C7229600BA3CA1 /* Graph 4.png in Resources */ = {isa = PBXBuildFile; fileRef = B376AE3315C7229600BA3CA1 /* Graph 4.png */; };
		B376AE8515C7229600BA3CA1 /* Grid View 2.png in Resources */ = {isa = PBXBuildFile; fileRef = B376AE3415C7229600BA3CA1 /* Grid View 2.png */; };
		B376AE8615C7229600BA3CA1 /* Grid View.png in Resources */ = {isa = PBXBuildFile; fileRef = B376AE3515C7229600BA3CA1 /* Grid View.png */; };
		B376AE8815C7229600BA3CA1 /* Keychain.png in Resources */ = {isa = PBXBuildFile; fileRef = B376AE3715C7229600BA3CA1 /* Keychain.png */; };
		B376AE8915C7229600BA3CA1 /* List View.png in Resources */ = {isa = PBXBuildFile; fileRef = B376AE3815C7229600BA3CA1 /* List View.png */; };
		B376AE8A15C7229600BA3CA1 /* Location.png in Resources */ = {isa = PBXBuildFile; fileRef = B376AE3915C7229600BA3CA1 /* Location.png */; };
		B376AE8B15C7229600BA3CA1 /* Mail.png in Resources */ = {isa = PBXBuildFile; fileRef = B376AE3A15C7229600BA3CA1 /* Mail.png */; };
		B376AE8C15C7229600BA3CA1 /* Male User.png in Resources */ = {isa = PBXBuildFile; fileRef = B376AE3B15C7229600BA3CA1 /* Male User.png */; };
		B376AE8D15C7229600BA3CA1 /* Mouse 2.png in Resources */ = {isa = PBXBuildFile; fileRef = B376AE3C15C7229600BA3CA1 /* Mouse 2.png */; };
		B376AE8E15C7229600BA3CA1 /* Mouse.png in Resources */ = {isa = PBXBuildFile; fileRef = B376AE3D15C7229600BA3CA1 /* Mouse.png */; };
		B376AE8F15C7229600BA3CA1 /* Next.png in Resources */ = {isa = PBXBuildFile; fileRef = B376AE3E15C7229600BA3CA1 /* Next.png */; };
		B376AE9015C7229600BA3CA1 /* Notepad.png in Resources */ = {isa = PBXBuildFile; fileRef = B376AE3F15C7229600BA3CA1 /* Notepad.png */; };
		B376AE9115C7229600BA3CA1 /* Page No Text.png in Resources */ = {isa = PBXBuildFile; fileRef = B376AE4015C7229600BA3CA1 /* Page No Text.png */; };
		B376AE9215C7229600BA3CA1 /* Page With Text.png in Resources */ = {isa = PBXBuildFile; fileRef = B376AE4115C7229600BA3CA1 /* Page With Text.png */; };
		B376AE9315C7229600BA3CA1 /* Paintbrush Tool.png in Resources */ = {isa = PBXBuildFile; fileRef = B376AE4215C7229600BA3CA1 /* Paintbrush Tool.png */; };
		B376AE9415C7229600BA3CA1 /* Pause.png in Resources */ = {isa = PBXBuildFile; fileRef = B376AE4315C7229600BA3CA1 /* Pause.png */; };
		B376AE9515C7229600BA3CA1 /* Pen Tool.png in Resources */ = {isa = PBXBuildFile; fileRef = B376AE4415C7229600BA3CA1 /* Pen Tool.png */; };
		B376AE9615C7229600BA3CA1 /* Play.png in Resources */ = {isa = PBXBuildFile; fileRef = B376AE4515C7229600BA3CA1 /* Play.png */; };
		B376AE9715C7229600BA3CA1 /* Previous.png in Resources */ = {isa = PBXBuildFile; fileRef = B376AE4615C7229600BA3CA1 /* Previous.png */; };
		B376AE9815C7229600BA3CA1 /* Profile Info.png in Resources */ = {isa = PBXBuildFile; fileRef = B376AE4715C7229600BA3CA1 /* Profile Info.png */; };
		B376AE9915C7229600BA3CA1 /* Rectangular Marquee Tool.png in Resources */ = {isa = PBXBuildFile; fileRef = B376AE4815C7229600BA3CA1 /* Rectangular Marquee Tool.png */; };
		B376AE9A15C7229600BA3CA1 /* Remove.png in Resources */ = {isa = PBXBuildFile; fileRef = B376AE4915C7229600BA3CA1 /* Remove.png */; };
		B376AE9B15C7229600BA3CA1 /* Ruler.png in Resources */ = {isa = PBXBuildFile; fileRef = B376AE4A15C7229600BA3CA1 /* Ruler.png */; };
		B376AE9C15C7229600BA3CA1 /* Screen Mode 1.png in Resources */ = {isa = PBXBuildFile; fileRef = B376AE4B15C7229600BA3CA1 /* Screen Mode 1.png */; };
		B376AE9D15C7229600BA3CA1 /* Screen Mode 2.png in Resources */ = {isa = PBXBuildFile; fileRef = B376AE4C15C7229600BA3CA1 /* Screen Mode 2.png */; };
		B376AE9E15C7229600BA3CA1 /* Search.png in Resources */ = {isa = PBXBuildFile; fileRef = B376AE4D15C7229600BA3CA1 /* Search.png */; };
		B376AE9F15C7229600BA3CA1 /* Shape Layers.png in Resources */ = {isa = PBXBuildFile; fileRef = B376AE4E15C7229600BA3CA1 /* Shape Layers.png */; };
		B376AEA015C7229600BA3CA1 /* Signal.png in Resources */ = {isa = PBXBuildFile; fileRef = B376AE4F15C7229600BA3CA1 /* Signal.png */; };
		B376AEA115C7229600BA3CA1 /* Star 1.png in Resources */ = {isa = PBXBuildFile; fileRef = B376AE5015C7229600BA3CA1 /* Star 1.png */; };
		B376AEA215C7229600BA3CA1 /* Star 2.png in Resources */ = {isa = PBXBuildFile; fileRef = B376AE5115C7229600BA3CA1 /* Star 2.png */; };
		B376AEA315C7229600BA3CA1 /* Stop.png in Resources */ = {isa = PBXBuildFile; fileRef = B376AE5215C7229600BA3CA1 /* Stop.png */; };
		B376AEA415C7229600BA3CA1 /* Tag.png in Resources */ = {isa = PBXBuildFile; fileRef = B376AE5315C7229600BA3CA1 /* Tag.png */; };
		B376AEA515C7229600BA3CA1 /* Tick.png in Resources */ = {isa = PBXBuildFile; fileRef = B376AE5415C7229600BA3CA1 /* Tick.png */; };
		B376AEA615C7229600BA3CA1 /* Trash.png in Resources */ = {isa = PBXBuildFile; fileRef = B376AE5515C7229600BA3CA1 /* Trash.png */; };
		B376AEA715C7229600BA3CA1 /* Upload.png in Resources */ = {isa = PBXBuildFile; fileRef = B376AE5615C7229600BA3CA1 /* Upload.png */; };
		B376AEA815C7229600BA3CA1 /* View Extras.png in Resources */ = {isa = PBXBuildFile; fileRef = B376AE5715C7229600BA3CA1 /* View Extras.png */; };
		B376AEA915C7229600BA3CA1 /* Web Page.png in Resources */ = {isa = PBXBuildFile; fileRef = B376AE5815C7229600BA3CA1 /* Web Page.png */; };
		B376AEAA15C7229600BA3CA1 /* Zoom In.png in Resources */ = {isa = PBXBuildFile; fileRef = B376AE5915C7229600BA3CA1 /* Zoom In.png */; };
		B376AEAB15C7229600BA3CA1 /* Zoom Out.png in Resources */ = {isa = PBXBuildFile; fileRef = B376AE5A15C7229600BA3CA1 /* Zoom Out.png */; };
		B376AEB115C7303500BA3CA1 /* large-thumb.png in Resources */ = {isa = PBXBuildFile; fileRef = B376AEAF15C7303400BA3CA1 /* large-thumb.png */; };
		B376AEB215C7303500BA3CA1 /* large-thumb@2x.png in Resources */ = {isa = PBXBuildFile; fileRef = B376AEB015C7303400BA3CA1 /* large-thumb@2x.png */; };
		B376AEB615C7475E00BA3CA1 /* clock.png in Resources */ = {isa = PBXBuildFile; fileRef = B376AEB315C7475C00BA3CA1 /* clock.png */; };
		B376AEB715C7475E00BA3CA1 /* heart.png in Resources */ = {isa = PBXBuildFile; fileRef = B376AEB415C7475D00BA3CA1 /* heart.png */; };
		B376AEB815C7475E00BA3CA1 /* tags.png in Resources */ = {isa = PBXBuildFile; fileRef = B376AEB515C7475D00BA3CA1 /* tags.png */; };
		B376AEBA15C75D4300BA3CA1 /* arrow-back@2x.png in Resources */ = {isa = PBXBuildFile; fileRef = B376AEB915C75D4300BA3CA1 /* arrow-back@2x.png */; };
		B376AEC115C7646500BA3CA1 /* todo.png in Resources */ = {isa = PBXBuildFile; fileRef = B376AEBF15C7646500BA3CA1 /* todo.png */; };
		B376AEC215C7646500BA3CA1 /* todo@2x.png in Resources */ = {isa = PBXBuildFile; fileRef = B376AEC015C7646500BA3CA1 /* todo@2x.png */; };
		B376AEC415C7657500BA3CA1 /* Navigation_bar_divide_right.png in Resources */ = {isa = PBXBuildFile; fileRef = B376AEC315C7657500BA3CA1 /* Navigation_bar_divide_right.png */; };
		B376AEC615C7659000BA3CA1 /* Navigation_bar_divide_left.png in Resources */ = {isa = PBXBuildFile; fileRef = B376AEC515C7659000BA3CA1 /* Navigation_bar_divide_left.png */; };
		B376AF6715C89E0D00BA3CA1 /* AppDelegate.m in Sources */ = {isa = PBXBuildFile; fileRef = B376AF2715C89E0D00BA3CA1 /* AppDelegate.m */; };
		B376AF6815C89E0D00BA3CA1 /* NSDate+helpers.m in Sources */ = {isa = PBXBuildFile; fileRef = B376AF2A15C89E0D00BA3CA1 /* NSDate+helpers.m */; };
		B376AF6915C89E0D00BA3CA1 /* NSDate-Utilities.m in Sources */ = {isa = PBXBuildFile; fileRef = B376AF2C15C89E0D00BA3CA1 /* NSDate-Utilities.m */; };
		B376AF6A15C89E0D00BA3CA1 /* TimeFormatters.m in Sources */ = {isa = PBXBuildFile; fileRef = B376AF2E15C89E0D00BA3CA1 /* TimeFormatters.m */; settings = {COMPILER_FLAGS = "-fno-objc-arc"; }; };
		B376AF6B15C89E0D00BA3CA1 /* UINavigationBar+DropShadow.m in Sources */ = {isa = PBXBuildFile; fileRef = B376AF3015C89E0D00BA3CA1 /* UINavigationBar+DropShadow.m */; };
		B376AF6C15C89E0D00BA3CA1 /* InstaClient.m in Sources */ = {isa = PBXBuildFile; fileRef = B376AF3315C89E0D00BA3CA1 /* InstaClient.m */; };
		B376AF6D15C89E0D00BA3CA1 /* InstaRequest.m in Sources */ = {isa = PBXBuildFile; fileRef = B376AF3515C89E0D00BA3CA1 /* InstaRequest.m */; };
		B376AF6E15C89E0D00BA3CA1 /* DetailViewController.m in Sources */ = {isa = PBXBuildFile; fileRef = B376AF3815C89E0D00BA3CA1 /* DetailViewController.m */; };
		B376AF6F15C89E0D00BA3CA1 /* FeedViewController.m in Sources */ = {isa = PBXBuildFile; fileRef = B376AF3A15C89E0D00BA3CA1 /* FeedViewController.m */; };
		B376AF7015C89E0D00BA3CA1 /* GalleryViewController.m in Sources */ = {isa = PBXBuildFile; fileRef = B376AF3C15C89E0D00BA3CA1 /* GalleryViewController.m */; };
		B376AF7115C89E0D00BA3CA1 /* RootViewController.m in Sources */ = {isa = PBXBuildFile; fileRef = B376AF3E15C89E0D00BA3CA1 /* RootViewController.m */; };
		B376AF7215C89E0D00BA3CA1 /* RootViewController.xib in Resources */ = {isa = PBXBuildFile; fileRef = B376AF3F15C89E0D00BA3CA1 /* RootViewController.xib */; };
		B376AF7315C89E0D00BA3CA1 /* SubTableViewController.m in Sources */ = {isa = PBXBuildFile; fileRef = B376AF4115C89E0D00BA3CA1 /* SubTableViewController.m */; };
		B376AF7415C89E0D00BA3CA1 /* AFHTTPClient.m in Sources */ = {isa = PBXBuildFile; fileRef = B376AF4615C89E0D00BA3CA1 /* AFHTTPClient.m */; settings = {COMPILER_FLAGS = "-fno-objc-arc"; }; };
		B376AF7515C89E0D00BA3CA1 /* AFHTTPRequestOperation.m in Sources */ = {isa = PBXBuildFile; fileRef = B376AF4815C89E0D00BA3CA1 /* AFHTTPRequestOperation.m */; settings = {COMPILER_FLAGS = "-fno-objc-arc"; }; };
		B376AF7615C89E0D00BA3CA1 /* AFImageRequestOperation.m in Sources */ = {isa = PBXBuildFile; fileRef = B376AF4A15C89E0D00BA3CA1 /* AFImageRequestOperation.m */; settings = {COMPILER_FLAGS = "-fno-objc-arc"; }; };
		B376AF7715C89E0D00BA3CA1 /* AFJSONRequestOperation.m in Sources */ = {isa = PBXBuildFile; fileRef = B376AF4C15C89E0D00BA3CA1 /* AFJSONRequestOperation.m */; settings = {COMPILER_FLAGS = "-fno-objc-arc"; }; };
		B376AF7815C89E0D00BA3CA1 /* AFJSONUtilities.m in Sources */ = {isa = PBXBuildFile; fileRef = B376AF4E15C89E0D00BA3CA1 /* AFJSONUtilities.m */; settings = {COMPILER_FLAGS = "-fno-objc-arc"; }; };
		B376AF7915C89E0D00BA3CA1 /* AFNetworkActivityIndicatorManager.m in Sources */ = {isa = PBXBuildFile; fileRef = B376AF5015C89E0D00BA3CA1 /* AFNetworkActivityIndicatorManager.m */; settings = {COMPILER_FLAGS = "-fno-objc-arc"; }; };
		B376AF7A15C89E0D00BA3CA1 /* AFPropertyListRequestOperation.m in Sources */ = {isa = PBXBuildFile; fileRef = B376AF5315C89E0D00BA3CA1 /* AFPropertyListRequestOperation.m */; settings = {COMPILER_FLAGS = "-fno-objc-arc"; }; };
		B376AF7B15C89E0D00BA3CA1 /* AFURLConnectionOperation.m in Sources */ = {isa = PBXBuildFile; fileRef = B376AF5515C89E0D00BA3CA1 /* AFURLConnectionOperation.m */; settings = {COMPILER_FLAGS = "-fno-objc-arc"; }; };
		B376AF7C15C89E0D00BA3CA1 /* AFXMLRequestOperation.m in Sources */ = {isa = PBXBuildFile; fileRef = B376AF5715C89E0D00BA3CA1 /* AFXMLRequestOperation.m */; settings = {COMPILER_FLAGS = "-fno-objc-arc"; }; };
		B376AF7D15C89E0D00BA3CA1 /* UIImageView+AFNetworking.m in Sources */ = {isa = PBXBuildFile; fileRef = B376AF5915C89E0D00BA3CA1 /* UIImageView+AFNetworking.m */; settings = {COMPILER_FLAGS = "-fno-objc-arc"; }; };
		B376AF7E15C89E0D00BA3CA1 /* FeedCell.m in Sources */ = {isa = PBXBuildFile; fileRef = B376AF5C15C89E0D00BA3CA1 /* FeedCell.m */; };
		B376AF7F15C89E0D00BA3CA1 /* FeedSectionHeader.m in Sources */ = {isa = PBXBuildFile; fileRef = B376AF5E15C89E0D00BA3CA1 /* FeedSectionHeader.m */; };
		B376AF8015C89E0D00BA3CA1 /* GalleryCell.m in Sources */ = {isa = PBXBuildFile; fileRef = B376AF6015C89E0D00BA3CA1 /* GalleryCell.m */; };
		B376AF8115C89E0D00BA3CA1 /* TableFooterView.m in Sources */ = {isa = PBXBuildFile; fileRef = B376AF6215C89E0D00BA3CA1 /* TableFooterView.m */; };
		B376AF8215C89E0D00BA3CA1 /* TableHeaderView.m in Sources */ = {isa = PBXBuildFile; fileRef = B376AF6415C89E0D00BA3CA1 /* TableHeaderView.m */; };
		B376AF8315C89E0D00BA3CA1 /* TitleView.m in Sources */ = {isa = PBXBuildFile; fileRef = B376AF6615C89E0D00BA3CA1 /* TitleView.m */; };
		B376AF8915C8A21800BA3CA1 /* README.md in Resources */ = {isa = PBXBuildFile; fileRef = B376AF8815C8A21800BA3CA1 /* README.md */; };
		B3EB292A15ADE9F700D8EECE /* UIKit.framework in Frameworks */ = {isa = PBXBuildFile; fileRef = B3EB292915ADE9F700D8EECE /* UIKit.framework */; };
		B3EB292C15ADE9F700D8EECE /* Foundation.framework in Frameworks */ = {isa = PBXBuildFile; fileRef = B3EB292B15ADE9F700D8EECE /* Foundation.framework */; };
		B3EB292E15ADE9F700D8EECE /* CoreGraphics.framework in Frameworks */ = {isa = PBXBuildFile; fileRef = B3EB292D15ADE9F700D8EECE /* CoreGraphics.framework */; };
		B3EB293415ADE9F700D8EECE /* InfoPlist.strings in Resources */ = {isa = PBXBuildFile; fileRef = B3EB293215ADE9F700D8EECE /* InfoPlist.strings */; };
		B3EB293615ADE9F700D8EECE /* main.m in Sources */ = {isa = PBXBuildFile; fileRef = B3EB293515ADE9F700D8EECE /* main.m */; };
/* End PBXBuildFile section */

/* Begin PBXFileReference section */
		0914A0981D125AEF00B95D6F /* Default-568h@2x.png */ = {isa = PBXFileReference; lastKnownFileType = image.png; path = "Default-568h@2x.png"; sourceTree = "<group>"; };
		B376ADB915C714C100BA3CA1 /* apple.jpg */ = {isa = PBXFileReference; lastKnownFileType = image.jpeg; path = apple.jpg; sourceTree = "<group>"; };
		B376ADBB15C714C100BA3CA1 /* blackButton.png */ = {isa = PBXFileReference; lastKnownFileType = image.png; path = blackButton.png; sourceTree = "<group>"; };
		B376ADBC15C714C100BA3CA1 /* blackButton@2x.png */ = {isa = PBXFileReference; lastKnownFileType = image.png; path = "blackButton@2x.png"; sourceTree = "<group>"; };
		B376ADBD15C714C100BA3CA1 /* blackButtonHighlight.png */ = {isa = PBXFileReference; lastKnownFileType = image.png; path = blackButtonHighlight.png; sourceTree = "<group>"; };
		B376ADBE15C714C100BA3CA1 /* blackButtonHighlight@2x.png */ = {isa = PBXFileReference; lastKnownFileType = image.png; path = "blackButtonHighlight@2x.png"; sourceTree = "<group>"; };
		B376ADBF15C714C100BA3CA1 /* blueButton.png */ = {isa = PBXFileReference; lastKnownFileType = image.png; path = blueButton.png; sourceTree = "<group>"; };
		B376ADC015C714C100BA3CA1 /* blueButton@2x.png */ = {isa = PBXFileReference; lastKnownFileType = image.png; path = "blueButton@2x.png"; sourceTree = "<group>"; };
		B376ADC115C714C100BA3CA1 /* blueButtonHighlight.png */ = {isa = PBXFileReference; lastKnownFileType = image.png; path = blueButtonHighlight.png; sourceTree = "<group>"; };
		B376ADC215C714C100BA3CA1 /* blueButtonHighlight@2x.png */ = {isa = PBXFileReference; lastKnownFileType = image.png; path = "blueButtonHighlight@2x.png"; sourceTree = "<group>"; };
		B376ADC315C714C100BA3CA1 /* greenButton.png */ = {isa = PBXFileReference; lastKnownFileType = image.png; path = greenButton.png; sourceTree = "<group>"; };
		B376ADC415C714C100BA3CA1 /* greenButton@2x.png */ = {isa = PBXFileReference; lastKnownFileType = image.png; path = "greenButton@2x.png"; sourceTree = "<group>"; };
		B376ADC515C714C100BA3CA1 /* greenButtonHighlight.png */ = {isa = PBXFileReference; lastKnownFileType = image.png; path = greenButtonHighlight.png; sourceTree = "<group>"; };
		B376ADC615C714C100BA3CA1 /* greenButtonHighlight@2x.png */ = {isa = PBXFileReference; lastKnownFileType = image.png; path = "greenButtonHighlight@2x.png"; sourceTree = "<group>"; };
		B376ADC715C714C100BA3CA1 /* greyButton.png */ = {isa = PBXFileReference; lastKnownFileType = image.png; path = greyButton.png; sourceTree = "<group>"; };
		B376ADC815C714C100BA3CA1 /* greyButton@2x.png */ = {isa = PBXFileReference; lastKnownFileType = image.png; path = "greyButton@2x.png"; sourceTree = "<group>"; };
		B376ADC915C714C100BA3CA1 /* greyButton@2xpng */ = {isa = PBXFileReference; lastKnownFileType = file; path = "greyButton@2xpng"; sourceTree = "<group>"; };
		B376ADCA15C714C100BA3CA1 /* greyButtonHighlight.png */ = {isa = PBXFileReference; lastKnownFileType = image.png; path = greyButtonHighlight.png; sourceTree = "<group>"; };
		B376ADCB15C714C100BA3CA1 /* greyButtonHighlight@2x.png */ = {isa = PBXFileReference; lastKnownFileType = image.png; path = "greyButtonHighlight@2x.png"; sourceTree = "<group>"; };
		B376ADCC15C714C100BA3CA1 /* orangeButton.png */ = {isa = PBXFileReference; lastKnownFileType = image.png; path = orangeButton.png; sourceTree = "<group>"; };
		B376ADCD15C714C100BA3CA1 /* orangeButton@2x.png */ = {isa = PBXFileReference; lastKnownFileType = image.png; path = "orangeButton@2x.png"; sourceTree = "<group>"; };
		B376ADCE15C714C100BA3CA1 /* orangeButtonHighlight.png */ = {isa = PBXFileReference; lastKnownFileType = image.png; path = orangeButtonHighlight.png; sourceTree = "<group>"; };
		B376ADCF15C714C100BA3CA1 /* orangeButtonHighlight@2x.png */ = {isa = PBXFileReference; lastKnownFileType = image.png; path = "orangeButtonHighlight@2x.png"; sourceTree = "<group>"; };
		B376ADD015C714C100BA3CA1 /* tanButton.png */ = {isa = PBXFileReference; lastKnownFileType = image.png; path = tanButton.png; sourceTree = "<group>"; };
		B376ADD115C714C100BA3CA1 /* tanButton@2x.png */ = {isa = PBXFileReference; lastKnownFileType = image.png; path = "tanButton@2x.png"; sourceTree = "<group>"; };
		B376ADD215C714C100BA3CA1 /* tanButtonHighlight.png */ = {isa = PBXFileReference; lastKnownFileType = image.png; path = tanButtonHighlight.png; sourceTree = "<group>"; };
		B376ADD315C714C100BA3CA1 /* tanButtonHighlight@2x.png */ = {isa = PBXFileReference; lastKnownFileType = image.png; path = "tanButtonHighlight@2x.png"; sourceTree = "<group>"; };
		B376ADD415C714C100BA3CA1 /* whiteButton.png */ = {isa = PBXFileReference; lastKnownFileType = image.png; path = whiteButton.png; sourceTree = "<group>"; };
		B376ADD515C714C100BA3CA1 /* whiteButton@2x.png */ = {isa = PBXFileReference; lastKnownFileType = image.png; path = "whiteButton@2x.png"; sourceTree = "<group>"; };
		B376ADD615C714C100BA3CA1 /* whiteButtonHighlight.png */ = {isa = PBXFileReference; lastKnownFileType = image.png; path = whiteButtonHighlight.png; sourceTree = "<group>"; };
		B376ADD715C714C100BA3CA1 /* whiteButtonHighlight@2x.png */ = {isa = PBXFileReference; lastKnownFileType = image.png; path = "whiteButtonHighlight@2x.png"; sourceTree = "<group>"; };
		B376ADD915C714C100BA3CA1 /* nav.png */ = {isa = PBXFileReference; lastKnownFileType = image.png; path = nav.png; sourceTree = "<group>"; };
		B376ADDA15C714C100BA3CA1 /* nav@2x.png */ = {isa = PBXFileReference; lastKnownFileType = image.png; path = "nav@2x.png"; sourceTree = "<group>"; };
		B376ADDB15C714C100BA3CA1 /* segment-selected@2x.png */ = {isa = PBXFileReference; lastKnownFileType = image.png; path = "segment-selected@2x.png"; sourceTree = "<group>"; };
		B376ADDC15C714C100BA3CA1 /* segment-unselected@2x.png */ = {isa = PBXFileReference; lastKnownFileType = image.png; path = "segment-unselected@2x.png"; sourceTree = "<group>"; };
		B376ADDD15C714C100BA3CA1 /* sel-unsel@2x.png */ = {isa = PBXFileReference; lastKnownFileType = image.png; path = "sel-unsel@2x.png"; sourceTree = "<group>"; };
		B376ADDE15C714C100BA3CA1 /* unsel-sel@2x.png */ = {isa = PBXFileReference; lastKnownFileType = image.png; path = "unsel-sel@2x.png"; sourceTree = "<group>"; };
		B376ADDF15C714C100BA3CA1 /* thumb-loading@2x.png */ = {isa = PBXFileReference; lastKnownFileType = image.png; path = "thumb-loading@2x.png"; sourceTree = "<group>"; };
		B376ADE015C714C100BA3CA1 /* thumbnail-loading.png */ = {isa = PBXFileReference; lastKnownFileType = image.png; path = "thumbnail-loading.png"; sourceTree = "<group>"; };
		B376AE0E15C7229600BA3CA1 /* Add.png */ = {isa = PBXFileReference; lastKnownFileType = image.png; path = Add.png; sourceTree = "<group>"; };
		B376AE0F15C7229600BA3CA1 /* Arrange Documents.png */ = {isa = PBXFileReference; lastKnownFileType = image.png; path = "Arrange Documents.png"; sourceTree = "<group>"; };
		B376AE1015C7229600BA3CA1 /* Battery 100 Percent.png */ = {isa = PBXFileReference; lastKnownFileType = image.png; path = "Battery 100 Percent.png"; sourceTree = "<group>"; };
		B376AE1115C7229600BA3CA1 /* Battery 25 Percent.png */ = {isa = PBXFileReference; lastKnownFileType = image.png; path = "Battery 25 Percent.png"; sourceTree = "<group>"; };
		B376AE1215C7229600BA3CA1 /* Battery 50 Percent.png */ = {isa = PBXFileReference; lastKnownFileType = image.png; path = "Battery 50 Percent.png"; sourceTree = "<group>"; };
		B376AE1315C7229600BA3CA1 /* Battery 75 Percent.png */ = {isa = PBXFileReference; lastKnownFileType = image.png; path = "Battery 75 Percent.png"; sourceTree = "<group>"; };
		B376AE1415C7229600BA3CA1 /* Battery Charging.png */ = {isa = PBXFileReference; lastKnownFileType = image.png; path = "Battery Charging.png"; sourceTree = "<group>"; };
		B376AE1515C7229600BA3CA1 /* Blank Page.png */ = {isa = PBXFileReference; lastKnownFileType = image.png; path = "Blank Page.png"; sourceTree = "<group>"; };
		B376AE1615C7229600BA3CA1 /* Blur Tool.png */ = {isa = PBXFileReference; lastKnownFileType = image.png; path = "Blur Tool.png"; sourceTree = "<group>"; };
		B376AE1715C7229600BA3CA1 /* Calender.png */ = {isa = PBXFileReference; lastKnownFileType = image.png; path = Calender.png; sourceTree = "<group>"; };
		B376AE1815C7229600BA3CA1 /* Camera.png */ = {isa = PBXFileReference; lastKnownFileType = image.png; path = Camera.png; sourceTree = "<group>"; };
		B376AE1A15C7229600BA3CA1 /* cloud.png */ = {isa = PBXFileReference; lastKnownFileType = image.png; path = cloud.png; sourceTree = "<group>"; };
		B376AE1B15C7229600BA3CA1 /* Comment.png */ = {isa = PBXFileReference; lastKnownFileType = image.png; path = Comment.png; sourceTree = "<group>"; };
		B376AE1C15C7229600BA3CA1 /* Comments.png */ = {isa = PBXFileReference; lastKnownFileType = image.png; path = Comments.png; sourceTree = "<group>"; };
		B376AE1D15C7229600BA3CA1 /* Copy 1.png */ = {isa = PBXFileReference; lastKnownFileType = image.png; path = "Copy 1.png"; sourceTree = "<group>"; };
		B376AE1E15C7229600BA3CA1 /* Copy 2.png */ = {isa = PBXFileReference; lastKnownFileType = image.png; path = "Copy 2.png"; sourceTree = "<group>"; };
		B376AE1F15C7229600BA3CA1 /* Credit Card.png */ = {isa = PBXFileReference; lastKnownFileType = image.png; path = "Credit Card.png"; sourceTree = "<group>"; };
		B376AE2015C7229600BA3CA1 /* Crop Tool.png */ = {isa = PBXFileReference; lastKnownFileType = image.png; path = "Crop Tool.png"; sourceTree = "<group>"; };
		B376AE2115C7229600BA3CA1 /* Cross.png */ = {isa = PBXFileReference; lastKnownFileType = image.png; path = Cross.png; sourceTree = "<group>"; };
		B376AE2215C7229600BA3CA1 /* Download.png */ = {isa = PBXFileReference; lastKnownFileType = image.png; path = Download.png; sourceTree = "<group>"; };
		B376AE2315C7229600BA3CA1 /* Elliptical Marquee Tool.png */ = {isa = PBXFileReference; lastKnownFileType = image.png; path = "Elliptical Marquee Tool.png"; sourceTree = "<group>"; };
		B376AE2415C7229600BA3CA1 /* Equalizer 1.png */ = {isa = PBXFileReference; lastKnownFileType = image.png; path = "Equalizer 1.png"; sourceTree = "<group>"; };
		B376AE2515C7229600BA3CA1 /* Equalizer 2.png */ = {isa = PBXFileReference; lastKnownFileType = image.png; path = "Equalizer 2.png"; sourceTree = "<group>"; };
		B376AE2615C7229600BA3CA1 /* Equalizer 3.png */ = {isa = PBXFileReference; lastKnownFileType = image.png; path = "Equalizer 3.png"; sourceTree = "<group>"; };
		B376AE2715C7229600BA3CA1 /* Equalizer 4.png */ = {isa = PBXFileReference; lastKnownFileType = image.png; path = "Equalizer 4.png"; sourceTree = "<group>"; };
		B376AE2815C7229600BA3CA1 /* Equalizer 5.png */ = {isa = PBXFileReference; lastKnownFileType = image.png; path = "Equalizer 5.png"; sourceTree = "<group>"; };
		B376AE2915C7229600BA3CA1 /* Equalizer 6.png */ = {isa = PBXFileReference; lastKnownFileType = image.png; path = "Equalizer 6.png"; sourceTree = "<group>"; };
		B376AE2A15C7229600BA3CA1 /* Equalizer 7.png */ = {isa = PBXFileReference; lastKnownFileType = image.png; path = "Equalizer 7.png"; sourceTree = "<group>"; };
		B376AE2B15C7229600BA3CA1 /* Equalizer 8.png */ = {isa = PBXFileReference; lastKnownFileType = image.png; path = "Equalizer 8.png"; sourceTree = "<group>"; };
		B376AE2C15C7229600BA3CA1 /* Eraser.png */ = {isa = PBXFileReference; lastKnownFileType = image.png; path = Eraser.png; sourceTree = "<group>"; };
		B376AE2D15C7229600BA3CA1 /* Eyedropper Tool.png */ = {isa = PBXFileReference; lastKnownFileType = image.png; path = "Eyedropper Tool.png"; sourceTree = "<group>"; };
		B376AE2E15C7229600BA3CA1 /* Female User.png */ = {isa = PBXFileReference; lastKnownFileType = image.png; path = "Female User.png"; sourceTree = "<group>"; };
		B376AE2F15C7229600BA3CA1 /* Full Screen Mode.png */ = {isa = PBXFileReference; lastKnownFileType = image.png; path = "Full Screen Mode.png"; sourceTree = "<group>"; };
		B376AE3015C7229600BA3CA1 /* Graph 1.png */ = {isa = PBXFileReference; lastKnownFileType = image.png; path = "Graph 1.png"; sourceTree = "<group>"; };
		B376AE3115C7229600BA3CA1 /* Graph 2.png */ = {isa = PBXFileReference; lastKnownFileType = image.png; path = "Graph 2.png"; sourceTree = "<group>"; };
		B376AE3215C7229600BA3CA1 /* Graph 3.png */ = {isa = PBXFileReference; lastKnownFileType = image.png; path = "Graph 3.png"; sourceTree = "<group>"; };
		B376AE3315C7229600BA3CA1 /* Graph 4.png */ = {isa = PBXFileReference; lastKnownFileType = image.png; path = "Graph 4.png"; sourceTree = "<group>"; };
		B376AE3415C7229600BA3CA1 /* Grid View 2.png */ = {isa = PBXFileReference; lastKnownFileType = image.png; path = "Grid View 2.png"; sourceTree = "<group>"; };
		B376AE3515C7229600BA3CA1 /* Grid View.png */ = {isa = PBXFileReference; lastKnownFileType = image.png; path = "Grid View.png"; sourceTree = "<group>"; };
		B376AE3715C7229600BA3CA1 /* Keychain.png */ = {isa = PBXFileReference; lastKnownFileType = image.png; path = Keychain.png; sourceTree = "<group>"; };
		B376AE3815C7229600BA3CA1 /* List View.png */ = {isa = PBXFileReference; lastKnownFileType = image.png; path = "List View.png"; sourceTree = "<group>"; };
		B376AE3915C7229600BA3CA1 /* Location.png */ = {isa = PBXFileReference; lastKnownFileType = image.png; path = Location.png; sourceTree = "<group>"; };
		B376AE3A15C7229600BA3CA1 /* Mail.png */ = {isa = PBXFileReference; lastKnownFileType = image.png; path = Mail.png; sourceTree = "<group>"; };
		B376AE3B15C7229600BA3CA1 /* Male User.png */ = {isa = PBXFileReference; lastKnownFileType = image.png; path = "Male User.png"; sourceTree = "<group>"; };
		B376AE3C15C7229600BA3CA1 /* Mouse 2.png */ = {isa = PBXFileReference; lastKnownFileType = image.png; path = "Mouse 2.png"; sourceTree = "<group>"; };
		B376AE3D15C7229600BA3CA1 /* Mouse.png */ = {isa = PBXFileReference; lastKnownFileType = image.png; path = Mouse.png; sourceTree = "<group>"; };
		B376AE3E15C7229600BA3CA1 /* Next.png */ = {isa = PBXFileReference; lastKnownFileType = image.png; path = Next.png; sourceTree = "<group>"; };
		B376AE3F15C7229600BA3CA1 /* Notepad.png */ = {isa = PBXFileReference; lastKnownFileType = image.png; path = Notepad.png; sourceTree = "<group>"; };
		B376AE4015C7229600BA3CA1 /* Page No Text.png */ = {isa = PBXFileReference; lastKnownFileType = image.png; path = "Page No Text.png"; sourceTree = "<group>"; };
		B376AE4115C7229600BA3CA1 /* Page With Text.png */ = {isa = PBXFileReference; lastKnownFileType = image.png; path = "Page With Text.png"; sourceTree = "<group>"; };
		B376AE4215C7229600BA3CA1 /* Paintbrush Tool.png */ = {isa = PBXFileReference; lastKnownFileType = image.png; path = "Paintbrush Tool.png"; sourceTree = "<group>"; };
		B376AE4315C7229600BA3CA1 /* Pause.png */ = {isa = PBXFileReference; lastKnownFileType = image.png; path = Pause.png; sourceTree = "<group>"; };
		B376AE4415C7229600BA3CA1 /* Pen Tool.png */ = {isa = PBXFileReference; lastKnownFileType = image.png; path = "Pen Tool.png"; sourceTree = "<group>"; };
		B376AE4515C7229600BA3CA1 /* Play.png */ = {isa = PBXFileReference; lastKnownFileType = image.png; path = Play.png; sourceTree = "<group>"; };
		B376AE4615C7229600BA3CA1 /* Previous.png */ = {isa = PBXFileReference; lastKnownFileType = image.png; path = Previous.png; sourceTree = "<group>"; };
		B376AE4715C7229600BA3CA1 /* Profile Info.png */ = {isa = PBXFileReference; lastKnownFileType = image.png; path = "Profile Info.png"; sourceTree = "<group>"; };
		B376AE4815C7229600BA3CA1 /* Rectangular Marquee Tool.png */ = {isa = PBXFileReference; lastKnownFileType = image.png; path = "Rectangular Marquee Tool.png"; sourceTree = "<group>"; };
		B376AE4915C7229600BA3CA1 /* Remove.png */ = {isa = PBXFileReference; lastKnownFileType = image.png; path = Remove.png; sourceTree = "<group>"; };
		B376AE4A15C7229600BA3CA1 /* Ruler.png */ = {isa = PBXFileReference; lastKnownFileType = image.png; path = Ruler.png; sourceTree = "<group>"; };
		B376AE4B15C7229600BA3CA1 /* Screen Mode 1.png */ = {isa = PBXFileReference; lastKnownFileType = image.png; path = "Screen Mode 1.png"; sourceTree = "<group>"; };
		B376AE4C15C7229600BA3CA1 /* Screen Mode 2.png */ = {isa = PBXFileReference; lastKnownFileType = image.png; path = "Screen Mode 2.png"; sourceTree = "<group>"; };
		B376AE4D15C7229600BA3CA1 /* Search.png */ = {isa = PBXFileReference; lastKnownFileType = image.png; path = Search.png; sourceTree = "<group>"; };
		B376AE4E15C7229600BA3CA1 /* Shape Layers.png */ = {isa = PBXFileReference; lastKnownFileType = image.png; path = "Shape Layers.png"; sourceTree = "<group>"; };
		B376AE4F15C7229600BA3CA1 /* Signal.png */ = {isa = PBXFileReference; lastKnownFileType = image.png; path = Signal.png; sourceTree = "<group>"; };
		B376AE5015C7229600BA3CA1 /* Star 1.png */ = {isa = PBXFileReference; lastKnownFileType = image.png; path = "Star 1.png"; sourceTree = "<group>"; };
		B376AE5115C7229600BA3CA1 /* Star 2.png */ = {isa = PBXFileReference; lastKnownFileType = image.png; path = "Star 2.png"; sourceTree = "<group>"; };
		B376AE5215C7229600BA3CA1 /* Stop.png */ = {isa = PBXFileReference; lastKnownFileType = image.png; path = Stop.png; sourceTree = "<group>"; };
		B376AE5315C7229600BA3CA1 /* Tag.png */ = {isa = PBXFileReference; lastKnownFileType = image.png; path = Tag.png; sourceTree = "<group>"; };
		B376AE5415C7229600BA3CA1 /* Tick.png */ = {isa = PBXFileReference; lastKnownFileType = image.png; path = Tick.png; sourceTree = "<group>"; };
		B376AE5515C7229600BA3CA1 /* Trash.png */ = {isa = PBXFileReference; lastKnownFileType = image.png; path = Trash.png; sourceTree = "<group>"; };
		B376AE5615C7229600BA3CA1 /* Upload.png */ = {isa = PBXFileReference; lastKnownFileType = image.png; path = Upload.png; sourceTree = "<group>"; };
		B376AE5715C7229600BA3CA1 /* View Extras.png */ = {isa = PBXFileReference; lastKnownFileType = image.png; path = "View Extras.png"; sourceTree = "<group>"; };
		B376AE5815C7229600BA3CA1 /* Web Page.png */ = {isa = PBXFileReference; lastKnownFileType = image.png; path = "Web Page.png"; sourceTree = "<group>"; };
		B376AE5915C7229600BA3CA1 /* Zoom In.png */ = {isa = PBXFileReference; lastKnownFileType = image.png; path = "Zoom In.png"; sourceTree = "<group>"; };
		B376AE5A15C7229600BA3CA1 /* Zoom Out.png */ = {isa = PBXFileReference; lastKnownFileType = image.png; path = "Zoom Out.png"; sourceTree = "<group>"; };
		B376AEAF15C7303400BA3CA1 /* large-thumb.png */ = {isa = PBXFileReference; lastKnownFileType = image.png; path = "large-thumb.png"; sourceTree = "<group>"; };
		B376AEB015C7303400BA3CA1 /* large-thumb@2x.png */ = {isa = PBXFileReference; lastKnownFileType = image.png; path = "large-thumb@2x.png"; sourceTree = "<group>"; };
		B376AEB315C7475C00BA3CA1 /* clock.png */ = {isa = PBXFileReference; lastKnownFileType = image.png; name = clock.png; path = icons/clock.png; sourceTree = "<group>"; };
		B376AEB415C7475D00BA3CA1 /* heart.png */ = {isa = PBXFileReference; lastKnownFileType = image.png; name = heart.png; path = icons/heart.png; sourceTree = "<group>"; };
		B376AEB515C7475D00BA3CA1 /* tags.png */ = {isa = PBXFileReference; lastKnownFileType = image.png; name = tags.png; path = icons/tags.png; sourceTree = "<group>"; };
		B376AEB915C75D4300BA3CA1 /* arrow-back@2x.png */ = {isa = PBXFileReference; lastKnownFileType = image.png; path = "arrow-back@2x.png"; sourceTree = "<group>"; };
		B376AEBF15C7646500BA3CA1 /* todo.png */ = {isa = PBXFileReference; lastKnownFileType = image.png; path = todo.png; sourceTree = "<group>"; };
		B376AEC015C7646500BA3CA1 /* todo@2x.png */ = {isa = PBXFileReference; lastKnownFileType = image.png; path = "todo@2x.png"; sourceTree = "<group>"; };
		B376AEC315C7657500BA3CA1 /* Navigation_bar_divide_right.png */ = {isa = PBXFileReference; lastKnownFileType = image.png; path = Navigation_bar_divide_right.png; sourceTree = "<group>"; };
		B376AEC515C7659000BA3CA1 /* Navigation_bar_divide_left.png */ = {isa = PBXFileReference; lastKnownFileType = image.png; path = Navigation_bar_divide_left.png; sourceTree = "<group>"; };
		B376AF2615C89E0D00BA3CA1 /* AppDelegate.h */ = {isa = PBXFileReference; fileEncoding = 4; lastKnownFileType = sourcecode.c.h; path = AppDelegate.h; sourceTree = "<group>"; };
		B376AF2715C89E0D00BA3CA1 /* AppDelegate.m */ = {isa = PBXFileReference; fileEncoding = 4; lastKnownFileType = sourcecode.c.objc; path = AppDelegate.m; sourceTree = "<group>"; };
		B376AF2915C89E0D00BA3CA1 /* NSDate+helpers.h */ = {isa = PBXFileReference; fileEncoding = 4; lastKnownFileType = sourcecode.c.h; path = "NSDate+helpers.h"; sourceTree = "<group>"; };
		B376AF2A15C89E0D00BA3CA1 /* NSDate+helpers.m */ = {isa = PBXFileReference; fileEncoding = 4; lastKnownFileType = sourcecode.c.objc; path = "NSDate+helpers.m"; sourceTree = "<group>"; };
		B376AF2B15C89E0D00BA3CA1 /* NSDate-Utilities.h */ = {isa = PBXFileReference; fileEncoding = 4; lastKnownFileType = sourcecode.c.h; path = "NSDate-Utilities.h"; sourceTree = "<group>"; };
		B376AF2C15C89E0D00BA3CA1 /* NSDate-Utilities.m */ = {isa = PBXFileReference; fileEncoding = 4; lastKnownFileType = sourcecode.c.objc; path = "NSDate-Utilities.m"; sourceTree = "<group>"; };
		B376AF2D15C89E0D00BA3CA1 /* TimeFormatters.h */ = {isa = PBXFileReference; fileEncoding = 4; lastKnownFileType = sourcecode.c.h; path = TimeFormatters.h; sourceTree = "<group>"; };
		B376AF2E15C89E0D00BA3CA1 /* TimeFormatters.m */ = {isa = PBXFileReference; fileEncoding = 4; lastKnownFileType = sourcecode.c.objc; path = TimeFormatters.m; sourceTree = "<group>"; };
		B376AF2F15C89E0D00BA3CA1 /* UINavigationBar+DropShadow.h */ = {isa = PBXFileReference; fileEncoding = 4; lastKnownFileType = sourcecode.c.h; path = "UINavigationBar+DropShadow.h"; sourceTree = "<group>"; };
		B376AF3015C89E0D00BA3CA1 /* UINavigationBar+DropShadow.m */ = {isa = PBXFileReference; fileEncoding = 4; lastKnownFileType = sourcecode.c.objc; path = "UINavigationBar+DropShadow.m"; sourceTree = "<group>"; };
		B376AF3215C89E0D00BA3CA1 /* InstaClient.h */ = {isa = PBXFileReference; fileEncoding = 4; lastKnownFileType = sourcecode.c.h; path = InstaClient.h; sourceTree = "<group>"; };
		B376AF3315C89E0D00BA3CA1 /* InstaClient.m */ = {isa = PBXFileReference; fileEncoding = 4; lastKnownFileType = sourcecode.c.objc; path = InstaClient.m; sourceTree = "<group>"; };
		B376AF3415C89E0D00BA3CA1 /* InstaRequest.h */ = {isa = PBXFileReference; fileEncoding = 4; lastKnownFileType = sourcecode.c.h; path = InstaRequest.h; sourceTree = "<group>"; };
		B376AF3515C89E0D00BA3CA1 /* InstaRequest.m */ = {isa = PBXFileReference; fileEncoding = 4; lastKnownFileType = sourcecode.c.objc; path = InstaRequest.m; sourceTree = "<group>"; };
		B376AF3715C89E0D00BA3CA1 /* DetailViewController.h */ = {isa = PBXFileReference; fileEncoding = 4; lastKnownFileType = sourcecode.c.h; path = DetailViewController.h; sourceTree = "<group>"; };
		B376AF3815C89E0D00BA3CA1 /* DetailViewController.m */ = {isa = PBXFileReference; fileEncoding = 4; lastKnownFileType = sourcecode.c.objc; path = DetailViewController.m; sourceTree = "<group>"; };
		B376AF3915C89E0D00BA3CA1 /* FeedViewController.h */ = {isa = PBXFileReference; fileEncoding = 4; lastKnownFileType = sourcecode.c.h; path = FeedViewController.h; sourceTree = "<group>"; };
		B376AF3A15C89E0D00BA3CA1 /* FeedViewController.m */ = {isa = PBXFileReference; fileEncoding = 4; lastKnownFileType = sourcecode.c.objc; path = FeedViewController.m; sourceTree = "<group>"; };
		B376AF3B15C89E0D00BA3CA1 /* GalleryViewController.h */ = {isa = PBXFileReference; fileEncoding = 4; lastKnownFileType = sourcecode.c.h; path = GalleryViewController.h; sourceTree = "<group>"; };
		B376AF3C15C89E0D00BA3CA1 /* GalleryViewController.m */ = {isa = PBXFileReference; fileEncoding = 4; lastKnownFileType = sourcecode.c.objc; path = GalleryViewController.m; sourceTree = "<group>"; };
		B376AF3D15C89E0D00BA3CA1 /* RootViewController.h */ = {isa = PBXFileReference; fileEncoding = 4; lastKnownFileType = sourcecode.c.h; path = RootViewController.h; sourceTree = "<group>"; };
		B376AF3E15C89E0D00BA3CA1 /* RootViewController.m */ = {isa = PBXFileReference; fileEncoding = 4; lastKnownFileType = sourcecode.c.objc; path = RootViewController.m; sourceTree = "<group>"; };
		B376AF3F15C89E0D00BA3CA1 /* RootViewController.xib */ = {isa = PBXFileReference; fileEncoding = 4; lastKnownFileType = file.xib; path = RootViewController.xib; sourceTree = "<group>"; };
		B376AF4015C89E0D00BA3CA1 /* SubTableViewController.h */ = {isa = PBXFileReference; fileEncoding = 4; lastKnownFileType = sourcecode.c.h; path = SubTableViewController.h; sourceTree = "<group>"; };
		B376AF4115C89E0D00BA3CA1 /* SubTableViewController.m */ = {isa = PBXFileReference; fileEncoding = 4; lastKnownFileType = sourcecode.c.objc; path = SubTableViewController.m; sourceTree = "<group>"; };
		B376AF4515C89E0D00BA3CA1 /* AFHTTPClient.h */ = {isa = PBXFileReference; fileEncoding = 4; lastKnownFileType = sourcecode.c.h; path = AFHTTPClient.h; sourceTree = "<group>"; };
		B376AF4615C89E0D00BA3CA1 /* AFHTTPClient.m */ = {isa = PBXFileReference; fileEncoding = 4; lastKnownFileType = sourcecode.c.objc; path = AFHTTPClient.m; sourceTree = "<group>"; };
		B376AF4715C89E0D00BA3CA1 /* AFHTTPRequestOperation.h */ = {isa = PBXFileReference; fileEncoding = 4; lastKnownFileType = sourcecode.c.h; path = AFHTTPRequestOperation.h; sourceTree = "<group>"; };
		B376AF4815C89E0D00BA3CA1 /* AFHTTPRequestOperation.m */ = {isa = PBXFileReference; fileEncoding = 4; lastKnownFileType = sourcecode.c.objc; path = AFHTTPRequestOperation.m; sourceTree = "<group>"; };
		B376AF4915C89E0D00BA3CA1 /* AFImageRequestOperation.h */ = {isa = PBXFileReference; fileEncoding = 4; lastKnownFileType = sourcecode.c.h; path = AFImageRequestOperation.h; sourceTree = "<group>"; };
		B376AF4A15C89E0D00BA3CA1 /* AFImageRequestOperation.m */ = {isa = PBXFileReference; fileEncoding = 4; lastKnownFileType = sourcecode.c.objc; path = AFImageRequestOperation.m; sourceTree = "<group>"; };
		B376AF4B15C89E0D00BA3CA1 /* AFJSONRequestOperation.h */ = {isa = PBXFileReference; fileEncoding = 4; lastKnownFileType = sourcecode.c.h; path = AFJSONRequestOperation.h; sourceTree = "<group>"; };
		B376AF4C15C89E0D00BA3CA1 /* AFJSONRequestOperation.m */ = {isa = PBXFileReference; fileEncoding = 4; lastKnownFileType = sourcecode.c.objc; path = AFJSONRequestOperation.m; sourceTree = "<group>"; };
		B376AF4D15C89E0D00BA3CA1 /* AFJSONUtilities.h */ = {isa = PBXFileReference; fileEncoding = 4; lastKnownFileType = sourcecode.c.h; path = AFJSONUtilities.h; sourceTree = "<group>"; };
		B376AF4E15C89E0D00BA3CA1 /* AFJSONUtilities.m */ = {isa = PBXFileReference; fileEncoding = 4; lastKnownFileType = sourcecode.c.objc; path = AFJSONUtilities.m; sourceTree = "<group>"; };
		B376AF4F15C89E0D00BA3CA1 /* AFNetworkActivityIndicatorManager.h */ = {isa = PBXFileReference; fileEncoding = 4; lastKnownFileType = sourcecode.c.h; path = AFNetworkActivityIndicatorManager.h; sourceTree = "<group>"; };
		B376AF5015C89E0D00BA3CA1 /* AFNetworkActivityIndicatorManager.m */ = {isa = PBXFileReference; fileEncoding = 4; lastKnownFileType = sourcecode.c.objc; path = AFNetworkActivityIndicatorManager.m; sourceTree = "<group>"; };
		B376AF5115C89E0D00BA3CA1 /* AFNetworking.h */ = {isa = PBXFileReference; fileEncoding = 4; lastKnownFileType = sourcecode.c.h; path = AFNetworking.h; sourceTree = "<group>"; };
		B376AF5215C89E0D00BA3CA1 /* AFPropertyListRequestOperation.h */ = {isa = PBXFileReference; fileEncoding = 4; lastKnownFileType = sourcecode.c.h; path = AFPropertyListRequestOperation.h; sourceTree = "<group>"; };
		B376AF5315C89E0D00BA3CA1 /* AFPropertyListRequestOperation.m */ = {isa = PBXFileReference; fileEncoding = 4; lastKnownFileType = sourcecode.c.objc; path = AFPropertyListRequestOperation.m; sourceTree = "<group>"; };
		B376AF5415C89E0D00BA3CA1 /* AFURLConnectionOperation.h */ = {isa = PBXFileReference; fileEncoding = 4; lastKnownFileType = sourcecode.c.h; path = AFURLConnectionOperation.h; sourceTree = "<group>"; };
		B376AF5515C89E0D00BA3CA1 /* AFURLConnectionOperation.m */ = {isa = PBXFileReference; fileEncoding = 4; lastKnownFileType = sourcecode.c.objc; path = AFURLConnectionOperation.m; sourceTree = "<group>"; };
		B376AF5615C89E0D00BA3CA1 /* AFXMLRequestOperation.h */ = {isa = PBXFileReference; fileEncoding = 4; lastKnownFileType = sourcecode.c.h; path = AFXMLRequestOperation.h; sourceTree = "<group>"; };
		B376AF5715C89E0D00BA3CA1 /* AFXMLRequestOperation.m */ = {isa = PBXFileReference; fileEncoding = 4; lastKnownFileType = sourcecode.c.objc; path = AFXMLRequestOperation.m; sourceTree = "<group>"; };
		B376AF5815C89E0D00BA3CA1 /* UIImageView+AFNetworking.h */ = {isa = PBXFileReference; fileEncoding = 4; lastKnownFileType = sourcecode.c.h; path = "UIImageView+AFNetworking.h"; sourceTree = "<group>"; };
		B376AF5915C89E0D00BA3CA1 /* UIImageView+AFNetworking.m */ = {isa = PBXFileReference; fileEncoding = 4; lastKnownFileType = sourcecode.c.objc; path = "UIImageView+AFNetworking.m"; sourceTree = "<group>"; };
		B376AF5B15C89E0D00BA3CA1 /* FeedCell.h */ = {isa = PBXFileReference; fileEncoding = 4; lastKnownFileType = sourcecode.c.h; path = FeedCell.h; sourceTree = "<group>"; };
		B376AF5C15C89E0D00BA3CA1 /* FeedCell.m */ = {isa = PBXFileReference; fileEncoding = 4; lastKnownFileType = sourcecode.c.objc; path = FeedCell.m; sourceTree = "<group>"; };
		B376AF5D15C89E0D00BA3CA1 /* FeedSectionHeader.h */ = {isa = PBXFileReference; fileEncoding = 4; lastKnownFileType = sourcecode.c.h; path = FeedSectionHeader.h; sourceTree = "<group>"; };
		B376AF5E15C89E0D00BA3CA1 /* FeedSectionHeader.m */ = {isa = PBXFileReference; fileEncoding = 4; lastKnownFileType = sourcecode.c.objc; path = FeedSectionHeader.m; sourceTree = "<group>"; };
		B376AF5F15C89E0D00BA3CA1 /* GalleryCell.h */ = {isa = PBXFileReference; fileEncoding = 4; lastKnownFileType = sourcecode.c.h; path = GalleryCell.h; sourceTree = "<group>"; };
		B376AF6015C89E0D00BA3CA1 /* GalleryCell.m */ = {isa = PBXFileReference; fileEncoding = 4; lastKnownFileType = sourcecode.c.objc; path = GalleryCell.m; sourceTree = "<group>"; };
		B376AF6115C89E0D00BA3CA1 /* TableFooterView.h */ = {isa = PBXFileReference; fileEncoding = 4; lastKnownFileType = sourcecode.c.h; path = TableFooterView.h; sourceTree = "<group>"; };
		B376AF6215C89E0D00BA3CA1 /* TableFooterView.m */ = {isa = PBXFileReference; fileEncoding = 4; lastKnownFileType = sourcecode.c.objc; path = TableFooterView.m; sourceTree = "<group>"; };
		B376AF6315C89E0D00BA3CA1 /* TableHeaderView.h */ = {isa = PBXFileReference; fileEncoding = 4; lastKnownFileType = sourcecode.c.h; path = TableHeaderView.h; sourceTree = "<group>"; };
		B376AF6415C89E0D00BA3CA1 /* TableHeaderView.m */ = {isa = PBXFileReference; fileEncoding = 4; lastKnownFileType = sourcecode.c.objc; path = TableHeaderView.m; sourceTree = "<group>"; };
		B376AF6515C89E0D00BA3CA1 /* TitleView.h */ = {isa = PBXFileReference; fileEncoding = 4; lastKnownFileType = sourcecode.c.h; path = TitleView.h; sourceTree = "<group>"; };
		B376AF6615C89E0D00BA3CA1 /* TitleView.m */ = {isa = PBXFileReference; fileEncoding = 4; lastKnownFileType = sourcecode.c.objc; path = TitleView.m; sourceTree = "<group>"; };
		B376AF8815C8A21800BA3CA1 /* README.md */ = {isa = PBXFileReference; fileEncoding = 4; lastKnownFileType = text; path = README.md; sourceTree = "<group>"; };
		B3EB292515ADE9F700D8EECE /* insta-tableview.app */ = {isa = PBXFileReference; explicitFileType = wrapper.application; includeInIndex = 0; path = "insta-tableview.app"; sourceTree = BUILT_PRODUCTS_DIR; };
		B3EB292915ADE9F700D8EECE /* UIKit.framework */ = {isa = PBXFileReference; lastKnownFileType = wrapper.framework; name = UIKit.framework; path = System/Library/Frameworks/UIKit.framework; sourceTree = SDKROOT; };
		B3EB292B15ADE9F700D8EECE /* Foundation.framework */ = {isa = PBXFileReference; lastKnownFileType = wrapper.framework; name = Foundation.framework; path = System/Library/Frameworks/Foundation.framework; sourceTree = SDKROOT; };
		B3EB292D15ADE9F700D8EECE /* CoreGraphics.framework */ = {isa = PBXFileReference; lastKnownFileType = wrapper.framework; name = CoreGraphics.framework; path = System/Library/Frameworks/CoreGraphics.framework; sourceTree = SDKROOT; };
		B3EB293115ADE9F700D8EECE /* insta-tableview-Info.plist */ = {isa = PBXFileReference; lastKnownFileType = text.plist.xml; path = "insta-tableview-Info.plist"; sourceTree = "<group>"; };
		B3EB293315ADE9F700D8EECE /* en */ = {isa = PBXFileReference; lastKnownFileType = text.plist.strings; name = en; path = en.lproj/InfoPlist.strings; sourceTree = "<group>"; };
		B3EB293515ADE9F700D8EECE /* main.m */ = {isa = PBXFileReference; lastKnownFileType = sourcecode.c.objc; path = main.m; sourceTree = "<group>"; };
		B3EB293715ADE9F700D8EECE /* insta-tableview-Prefix.pch */ = {isa = PBXFileReference; lastKnownFileType = sourcecode.c.h; path = "insta-tableview-Prefix.pch"; sourceTree = "<group>"; };
/* End PBXFileReference section */

/* Begin PBXFrameworksBuildPhase section */
		B3EB292215ADE9F700D8EECE /* Frameworks */ = {
			isa = PBXFrameworksBuildPhase;
			buildActionMask = 2147483647;
			files = (
				B3EB292A15ADE9F700D8EECE /* UIKit.framework in Frameworks */,
				B3EB292C15ADE9F700D8EECE /* Foundation.framework in Frameworks */,
				B3EB292E15ADE9F700D8EECE /* CoreGraphics.framework in Frameworks */,
			);
			runOnlyForDeploymentPostprocessing = 0;
		};
/* End PBXFrameworksBuildPhase section */

/* Begin PBXGroup section */
		B376ADB815C714C100BA3CA1 /* Images */ = {
			isa = PBXGroup;
			children = (
				B376AEB315C7475C00BA3CA1 /* clock.png */,
				B376AEB415C7475D00BA3CA1 /* heart.png */,
				B376AEB515C7475D00BA3CA1 /* tags.png */,
				B376ADB915C714C100BA3CA1 /* apple.jpg */,
				B376AE0B15C7229600BA3CA1 /* icons */,
				B376ADBA15C714C100BA3CA1 /* buttons */,
				B376ADD815C714C100BA3CA1 /* Nav */,
				B376ADDF15C714C100BA3CA1 /* thumb-loading@2x.png */,
				B376ADE015C714C100BA3CA1 /* thumbnail-loading.png */,
				B376AEAF15C7303400BA3CA1 /* large-thumb.png */,
				B376AEB015C7303400BA3CA1 /* large-thumb@2x.png */,
			);
			path = Images;
			sourceTree = "<group>";
		};
		B376ADBA15C714C100BA3CA1 /* buttons */ = {
			isa = PBXGroup;
			children = (
				B376ADBB15C714C100BA3CA1 /* blackButton.png */,
				B376ADBC15C714C100BA3CA1 /* blackButton@2x.png */,
				B376ADBD15C714C100BA3CA1 /* blackButtonHighlight.png */,
				B376ADBE15C714C100BA3CA1 /* blackButtonHighlight@2x.png */,
				B376ADBF15C714C100BA3CA1 /* blueButton.png */,
				B376ADC015C714C100BA3CA1 /* blueButton@2x.png */,
				B376ADC115C714C100BA3CA1 /* blueButtonHighlight.png */,
				B376ADC215C714C100BA3CA1 /* blueButtonHighlight@2x.png */,
				B376ADC315C714C100BA3CA1 /* greenButton.png */,
				B376ADC415C714C100BA3CA1 /* greenButton@2x.png */,
				B376ADC515C714C100BA3CA1 /* greenButtonHighlight.png */,
				B376ADC615C714C100BA3CA1 /* greenButtonHighlight@2x.png */,
				B376ADC715C714C100BA3CA1 /* greyButton.png */,
				B376ADC815C714C100BA3CA1 /* greyButton@2x.png */,
				B376ADC915C714C100BA3CA1 /* greyButton@2xpng */,
				B376ADCA15C714C100BA3CA1 /* greyButtonHighlight.png */,
				B376ADCB15C714C100BA3CA1 /* greyButtonHighlight@2x.png */,
				B376ADCC15C714C100BA3CA1 /* orangeButton.png */,
				B376ADCD15C714C100BA3CA1 /* orangeButton@2x.png */,
				B376ADCE15C714C100BA3CA1 /* orangeButtonHighlight.png */,
				B376ADCF15C714C100BA3CA1 /* orangeButtonHighlight@2x.png */,
				B376ADD015C714C100BA3CA1 /* tanButton.png */,
				B376ADD115C714C100BA3CA1 /* tanButton@2x.png */,
				B376ADD215C714C100BA3CA1 /* tanButtonHighlight.png */,
				B376ADD315C714C100BA3CA1 /* tanButtonHighlight@2x.png */,
				B376ADD415C714C100BA3CA1 /* whiteButton.png */,
				B376ADD515C714C100BA3CA1 /* whiteButton@2x.png */,
				B376ADD615C714C100BA3CA1 /* whiteButtonHighlight.png */,
				B376ADD715C714C100BA3CA1 /* whiteButtonHighlight@2x.png */,
			);
			path = buttons;
			sourceTree = "<group>";
		};
		B376ADD815C714C100BA3CA1 /* Nav */ = {
			isa = PBXGroup;
			children = (
				B376AEB915C75D4300BA3CA1 /* arrow-back@2x.png */,
				B376AEC315C7657500BA3CA1 /* Navigation_bar_divide_right.png */,
				B376AEC515C7659000BA3CA1 /* Navigation_bar_divide_left.png */,
				B376AEBF15C7646500BA3CA1 /* todo.png */,
				B376AEC015C7646500BA3CA1 /* todo@2x.png */,
				B376ADD915C714C100BA3CA1 /* nav.png */,
				B376ADDA15C714C100BA3CA1 /* nav@2x.png */,
				B376ADDB15C714C100BA3CA1 /* segment-selected@2x.png */,
				B376ADDC15C714C100BA3CA1 /* segment-unselected@2x.png */,
				B376ADDD15C714C100BA3CA1 /* sel-unsel@2x.png */,
				B376ADDE15C714C100BA3CA1 /* unsel-sel@2x.png */,
			);
			path = Nav;
			sourceTree = "<group>";
		};
		B376AE0B15C7229600BA3CA1 /* icons */ = {
			isa = PBXGroup;
			children = (
				B376AE0D15C7229600BA3CA1 /* Pixel UI Icon Set - PNG Icons */,
			);
			path = icons;
			sourceTree = "<group>";
		};
		B376AE0D15C7229600BA3CA1 /* Pixel UI Icon Set - PNG Icons */ = {
			isa = PBXGroup;
			children = (
				B376AE0E15C7229600BA3CA1 /* Add.png */,
				B376AE0F15C7229600BA3CA1 /* Arrange Documents.png */,
				B376AE1015C7229600BA3CA1 /* Battery 100 Percent.png */,
				B376AE1115C7229600BA3CA1 /* Battery 25 Percent.png */,
				B376AE1215C7229600BA3CA1 /* Battery 50 Percent.png */,
				B376AE1315C7229600BA3CA1 /* Battery 75 Percent.png */,
				B376AE1415C7229600BA3CA1 /* Battery Charging.png */,
				B376AE1515C7229600BA3CA1 /* Blank Page.png */,
				B376AE1615C7229600BA3CA1 /* Blur Tool.png */,
				B376AE1715C7229600BA3CA1 /* Calender.png */,
				B376AE1815C7229600BA3CA1 /* Camera.png */,
				B376AE1A15C7229600BA3CA1 /* cloud.png */,
				B376AE1B15C7229600BA3CA1 /* Comment.png */,
				B376AE1C15C7229600BA3CA1 /* Comments.png */,
				B376AE1D15C7229600BA3CA1 /* Copy 1.png */,
				B376AE1E15C7229600BA3CA1 /* Copy 2.png */,
				B376AE1F15C7229600BA3CA1 /* Credit Card.png */,
				B376AE2015C7229600BA3CA1 /* Crop Tool.png */,
				B376AE2115C7229600BA3CA1 /* Cross.png */,
				B376AE2215C7229600BA3CA1 /* Download.png */,
				B376AE2315C7229600BA3CA1 /* Elliptical Marquee Tool.png */,
				B376AE2415C7229600BA3CA1 /* Equalizer 1.png */,
				B376AE2515C7229600BA3CA1 /* Equalizer 2.png */,
				B376AE2615C7229600BA3CA1 /* Equalizer 3.png */,
				B376AE2715C7229600BA3CA1 /* Equalizer 4.png */,
				B376AE2815C7229600BA3CA1 /* Equalizer 5.png */,
				B376AE2915C7229600BA3CA1 /* Equalizer 6.png */,
				B376AE2A15C7229600BA3CA1 /* Equalizer 7.png */,
				B376AE2B15C7229600BA3CA1 /* Equalizer 8.png */,
				B376AE2C15C7229600BA3CA1 /* Eraser.png */,
				B376AE2D15C7229600BA3CA1 /* Eyedropper Tool.png */,
				B376AE2E15C7229600BA3CA1 /* Female User.png */,
				B376AE2F15C7229600BA3CA1 /* Full Screen Mode.png */,
				B376AE3015C7229600BA3CA1 /* Graph 1.png */,
				B376AE3115C7229600BA3CA1 /* Graph 2.png */,
				B376AE3215C7229600BA3CA1 /* Graph 3.png */,
				B376AE3315C7229600BA3CA1 /* Graph 4.png */,
				B376AE3415C7229600BA3CA1 /* Grid View 2.png */,
				B376AE3515C7229600BA3CA1 /* Grid View.png */,
				B376AE3715C7229600BA3CA1 /* Keychain.png */,
				B376AE3815C7229600BA3CA1 /* List View.png */,
				B376AE3915C7229600BA3CA1 /* Location.png */,
				B376AE3A15C7229600BA3CA1 /* Mail.png */,
				B376AE3B15C7229600BA3CA1 /* Male User.png */,
				B376AE3C15C7229600BA3CA1 /* Mouse 2.png */,
				B376AE3D15C7229600BA3CA1 /* Mouse.png */,
				B376AE3E15C7229600BA3CA1 /* Next.png */,
				B376AE3F15C7229600BA3CA1 /* Notepad.png */,
				B376AE4015C7229600BA3CA1 /* Page No Text.png */,
				B376AE4115C7229600BA3CA1 /* Page With Text.png */,
				B376AE4215C7229600BA3CA1 /* Paintbrush Tool.png */,
				B376AE4315C7229600BA3CA1 /* Pause.png */,
				B376AE4415C7229600BA3CA1 /* Pen Tool.png */,
				B376AE4515C7229600BA3CA1 /* Play.png */,
				B376AE4615C7229600BA3CA1 /* Previous.png */,
				B376AE4715C7229600BA3CA1 /* Profile Info.png */,
				B376AE4815C7229600BA3CA1 /* Rectangular Marquee Tool.png */,
				B376AE4915C7229600BA3CA1 /* Remove.png */,
				B376AE4A15C7229600BA3CA1 /* Ruler.png */,
				B376AE4B15C7229600BA3CA1 /* Screen Mode 1.png */,
				B376AE4C15C7229600BA3CA1 /* Screen Mode 2.png */,
				B376AE4D15C7229600BA3CA1 /* Search.png */,
				B376AE4E15C7229600BA3CA1 /* Shape Layers.png */,
				B376AE4F15C7229600BA3CA1 /* Signal.png */,
				B376AE5015C7229600BA3CA1 /* Star 1.png */,
				B376AE5115C7229600BA3CA1 /* Star 2.png */,
				B376AE5215C7229600BA3CA1 /* Stop.png */,
				B376AE5315C7229600BA3CA1 /* Tag.png */,
				B376AE5415C7229600BA3CA1 /* Tick.png */,
				B376AE5515C7229600BA3CA1 /* Trash.png */,
				B376AE5615C7229600BA3CA1 /* Upload.png */,
				B376AE5715C7229600BA3CA1 /* View Extras.png */,
				B376AE5815C7229600BA3CA1 /* Web Page.png */,
				B376AE5915C7229600BA3CA1 /* Zoom In.png */,
				B376AE5A15C7229600BA3CA1 /* Zoom Out.png */,
			);
			path = "Pixel UI Icon Set - PNG Icons";
			sourceTree = "<group>";
		};
		B376AF2515C89E0D00BA3CA1 /* Classes */ = {
			isa = PBXGroup;
			children = (
				B376AF2615C89E0D00BA3CA1 /* AppDelegate.h */,
				B376AF2715C89E0D00BA3CA1 /* AppDelegate.m */,
				B376AF2815C89E0D00BA3CA1 /* Categories */,
				B376AF3115C89E0D00BA3CA1 /* Common */,
				B376AF3615C89E0D00BA3CA1 /* Controllers */,
				B376AF4215C89E0D00BA3CA1 /* Models */,
				B376AF4315C89E0D00BA3CA1 /* Vendors */,
				B376AF5A15C89E0D00BA3CA1 /* Views */,
			);
			path = Classes;
			sourceTree = "<group>";
		};
		B376AF2815C89E0D00BA3CA1 /* Categories */ = {
			isa = PBXGroup;
			children = (
				B376AF2915C89E0D00BA3CA1 /* NSDate+helpers.h */,
				B376AF2A15C89E0D00BA3CA1 /* NSDate+helpers.m */,
				B376AF2B15C89E0D00BA3CA1 /* NSDate-Utilities.h */,
				B376AF2C15C89E0D00BA3CA1 /* NSDate-Utilities.m */,
				B376AF2D15C89E0D00BA3CA1 /* TimeFormatters.h */,
				B376AF2E15C89E0D00BA3CA1 /* TimeFormatters.m */,
				B376AF2F15C89E0D00BA3CA1 /* UINavigationBar+DropShadow.h */,
				B376AF3015C89E0D00BA3CA1 /* UINavigationBar+DropShadow.m */,
			);
			path = Categories;
			sourceTree = "<group>";
		};
		B376AF3115C89E0D00BA3CA1 /* Common */ = {
			isa = PBXGroup;
			children = (
				B376AF3215C89E0D00BA3CA1 /* InstaClient.h */,
				B376AF3315C89E0D00BA3CA1 /* InstaClient.m */,
				B376AF3415C89E0D00BA3CA1 /* InstaRequest.h */,
				B376AF3515C89E0D00BA3CA1 /* InstaRequest.m */,
			);
			path = Common;
			sourceTree = "<group>";
		};
		B376AF3615C89E0D00BA3CA1 /* Controllers */ = {
			isa = PBXGroup;
			children = (
				B376AF3715C89E0D00BA3CA1 /* DetailViewController.h */,
				B376AF3815C89E0D00BA3CA1 /* DetailViewController.m */,
				B376AF3915C89E0D00BA3CA1 /* FeedViewController.h */,
				B376AF3A15C89E0D00BA3CA1 /* FeedViewController.m */,
				B376AF3B15C89E0D00BA3CA1 /* GalleryViewController.h */,
				B376AF3C15C89E0D00BA3CA1 /* GalleryViewController.m */,
				B376AF3D15C89E0D00BA3CA1 /* RootViewController.h */,
				B376AF3E15C89E0D00BA3CA1 /* RootViewController.m */,
				B376AF3F15C89E0D00BA3CA1 /* RootViewController.xib */,
				B376AF4015C89E0D00BA3CA1 /* SubTableViewController.h */,
				B376AF4115C89E0D00BA3CA1 /* SubTableViewController.m */,
			);
			path = Controllers;
			sourceTree = "<group>";
		};
		B376AF4215C89E0D00BA3CA1 /* Models */ = {
			isa = PBXGroup;
			children = (
			);
			path = Models;
			sourceTree = "<group>";
		};
		B376AF4315C89E0D00BA3CA1 /* Vendors */ = {
			isa = PBXGroup;
			children = (
				B376AF4415C89E0D00BA3CA1 /* AFNetworking */,
			);
			path = Vendors;
			sourceTree = "<group>";
		};
		B376AF4415C89E0D00BA3CA1 /* AFNetworking */ = {
			isa = PBXGroup;
			children = (
				B376AF4515C89E0D00BA3CA1 /* AFHTTPClient.h */,
				B376AF4615C89E0D00BA3CA1 /* AFHTTPClient.m */,
				B376AF4715C89E0D00BA3CA1 /* AFHTTPRequestOperation.h */,
				B376AF4815C89E0D00BA3CA1 /* AFHTTPRequestOperation.m */,
				B376AF4915C89E0D00BA3CA1 /* AFImageRequestOperation.h */,
				B376AF4A15C89E0D00BA3CA1 /* AFImageRequestOperation.m */,
				B376AF4B15C89E0D00BA3CA1 /* AFJSONRequestOperation.h */,
				B376AF4C15C89E0D00BA3CA1 /* AFJSONRequestOperation.m */,
				B376AF4D15C89E0D00BA3CA1 /* AFJSONUtilities.h */,
				B376AF4E15C89E0D00BA3CA1 /* AFJSONUtilities.m */,
				B376AF4F15C89E0D00BA3CA1 /* AFNetworkActivityIndicatorManager.h */,
				B376AF5015C89E0D00BA3CA1 /* AFNetworkActivityIndicatorManager.m */,
				B376AF5115C89E0D00BA3CA1 /* AFNetworking.h */,
				B376AF5215C89E0D00BA3CA1 /* AFPropertyListRequestOperation.h */,
				B376AF5315C89E0D00BA3CA1 /* AFPropertyListRequestOperation.m */,
				B376AF5415C89E0D00BA3CA1 /* AFURLConnectionOperation.h */,
				B376AF5515C89E0D00BA3CA1 /* AFURLConnectionOperation.m */,
				B376AF5615C89E0D00BA3CA1 /* AFXMLRequestOperation.h */,
				B376AF5715C89E0D00BA3CA1 /* AFXMLRequestOperation.m */,
				B376AF5815C89E0D00BA3CA1 /* UIImageView+AFNetworking.h */,
				B376AF5915C89E0D00BA3CA1 /* UIImageView+AFNetworking.m */,
			);
			path = AFNetworking;
			sourceTree = "<group>";
		};
		B376AF5A15C89E0D00BA3CA1 /* Views */ = {
			isa = PBXGroup;
			children = (
				B376AF5B15C89E0D00BA3CA1 /* FeedCell.h */,
				B376AF5C15C89E0D00BA3CA1 /* FeedCell.m */,
				B376AF5D15C89E0D00BA3CA1 /* FeedSectionHeader.h */,
				B376AF5E15C89E0D00BA3CA1 /* FeedSectionHeader.m */,
				B376AF5F15C89E0D00BA3CA1 /* GalleryCell.h */,
				B376AF6015C89E0D00BA3CA1 /* GalleryCell.m */,
				B376AF6115C89E0D00BA3CA1 /* TableFooterView.h */,
				B376AF6215C89E0D00BA3CA1 /* TableFooterView.m */,
				B376AF6315C89E0D00BA3CA1 /* TableHeaderView.h */,
				B376AF6415C89E0D00BA3CA1 /* TableHeaderView.m */,
				B376AF6515C89E0D00BA3CA1 /* TitleView.h */,
				B376AF6615C89E0D00BA3CA1 /* TitleView.m */,
			);
			path = Views;
			sourceTree = "<group>";
		};
		B3EB291A15ADE9F700D8EECE = {
			isa = PBXGroup;
			children = (
				0914A0981D125AEF00B95D6F /* Default-568h@2x.png */,
				B376AF8815C8A21800BA3CA1 /* README.md */,
				B3EB292F15ADE9F700D8EECE /* insta-tableview */,
				B3EB292815ADE9F700D8EECE /* Frameworks */,
				B3EB292615ADE9F700D8EECE /* Products */,
			);
			sourceTree = "<group>";
		};
		B3EB292615ADE9F700D8EECE /* Products */ = {
			isa = PBXGroup;
			children = (
				B3EB292515ADE9F700D8EECE /* insta-tableview.app */,
			);
			name = Products;
			sourceTree = "<group>";
		};
		B3EB292815ADE9F700D8EECE /* Frameworks */ = {
			isa = PBXGroup;
			children = (
				B3EB292915ADE9F700D8EECE /* UIKit.framework */,
				B3EB292B15ADE9F700D8EECE /* Foundation.framework */,
				B3EB292D15ADE9F700D8EECE /* CoreGraphics.framework */,
			);
			name = Frameworks;
			sourceTree = "<group>";
		};
		B3EB292F15ADE9F700D8EECE /* insta-tableview */ = {
			isa = PBXGroup;
			children = (
				B376AF2515C89E0D00BA3CA1 /* Classes */,
				B376ADB815C714C100BA3CA1 /* Images */,
				B3EB293015ADE9F700D8EECE /* Supporting Files */,
			);
			path = "insta-tableview";
			sourceTree = "<group>";
		};
		B3EB293015ADE9F700D8EECE /* Supporting Files */ = {
			isa = PBXGroup;
			children = (
				B3EB293115ADE9F700D8EECE /* insta-tableview-Info.plist */,
				B3EB293215ADE9F700D8EECE /* InfoPlist.strings */,
				B3EB293515ADE9F700D8EECE /* main.m */,
				B3EB293715ADE9F700D8EECE /* insta-tableview-Prefix.pch */,
			);
			name = "Supporting Files";
			sourceTree = "<group>";
		};
/* End PBXGroup section */

/* Begin PBXNativeTarget section */
		B3EB292415ADE9F700D8EECE /* insta-tableview */ = {
			isa = PBXNativeTarget;
			buildConfigurationList = B3EB293D15ADE9F700D8EECE /* Build configuration list for PBXNativeTarget "insta-tableview" */;
			buildPhases = (
				B3EB292115ADE9F700D8EECE /* Sources */,
				B3EB292215ADE9F700D8EECE /* Frameworks */,
				B3EB292315ADE9F700D8EECE /* Resources */,
			);
			buildRules = (
			);
			dependencies = (
			);
			name = "insta-tableview";
			productName = "insta-tableview";
			productReference = B3EB292515ADE9F700D8EECE /* insta-tableview.app */;
			productType = "com.apple.product-type.application";
		};
/* End PBXNativeTarget section */

/* Begin PBXProject section */
		B3EB291C15ADE9F700D8EECE /* Project object */ = {
			isa = PBXProject;
			attributes = {
				LastUpgradeCheck = 0730;
			};
			buildConfigurationList = B3EB291F15ADE9F700D8EECE /* Build configuration list for PBXProject "insta-tableview" */;
			compatibilityVersion = "Xcode 3.2";
			developmentRegion = English;
			hasScannedForEncodings = 0;
			knownRegions = (
				en,
			);
			mainGroup = B3EB291A15ADE9F700D8EECE;
			productRefGroup = B3EB292615ADE9F700D8EECE /* Products */;
			projectDirPath = "";
			projectRoot = "";
			targets = (
				B3EB292415ADE9F700D8EECE /* insta-tableview */,
			);
		};
/* End PBXProject section */

/* Begin PBXResourcesBuildPhase section */
		B3EB292315ADE9F700D8EECE /* Resources */ = {
			isa = PBXResourcesBuildPhase;
			buildActionMask = 2147483647;
			files = (
				B3EB293415ADE9F700D8EECE /* InfoPlist.strings in Resources */,
				B376ADE115C714C100BA3CA1 /* apple.jpg in Resources */,
				B376ADE215C714C100BA3CA1 /* blackButton.png in Resources */,
				B376ADE315C714C100BA3CA1 /* blackButton@2x.png in Resources */,
				B376ADE415C714C100BA3CA1 /* blackButtonHighlight.png in Resources */,
				B376ADE515C714C100BA3CA1 /* blackButtonHighlight@2x.png in Resources */,
				B376ADE615C714C100BA3CA1 /* blueButton.png in Resources */,
				B376ADE715C714C100BA3CA1 /* blueButton@2x.png in Resources */,
				B376ADE815C714C100BA3CA1 /* blueButtonHighlight.png in Resources */,
				B376ADE915C714C100BA3CA1 /* blueButtonHighlight@2x.png in Resources */,
				B376ADEA15C714C100BA3CA1 /* greenButton.png in Resources */,
				B376ADEB15C714C100BA3CA1 /* greenButton@2x.png in Resources */,
				B376ADEC15C714C100BA3CA1 /* greenButtonHighlight.png in Resources */,
				B376ADED15C714C100BA3CA1 /* greenButtonHighlight@2x.png in Resources */,
				B376ADEE15C714C100BA3CA1 /* greyButton.png in Resources */,
				B376ADEF15C714C100BA3CA1 /* greyButton@2x.png in Resources */,
				B376ADF015C714C100BA3CA1 /* greyButton@2xpng in Resources */,
				B376ADF115C714C100BA3CA1 /* greyButtonHighlight.png in Resources */,
				B376ADF215C714C100BA3CA1 /* greyButtonHighlight@2x.png in Resources */,
				B376ADF315C714C100BA3CA1 /* orangeButton.png in Resources */,
				B376ADF415C714C100BA3CA1 /* orangeButton@2x.png in Resources */,
				B376ADF515C714C100BA3CA1 /* orangeButtonHighlight.png in Resources */,
				B376ADF615C714C100BA3CA1 /* orangeButtonHighlight@2x.png in Resources */,
				B376ADF715C714C100BA3CA1 /* tanButton.png in Resources */,
				B376ADF815C714C100BA3CA1 /* tanButton@2x.png in Resources */,
				B376ADF915C714C100BA3CA1 /* tanButtonHighlight.png in Resources */,
				B376ADFA15C714C100BA3CA1 /* tanButtonHighlight@2x.png in Resources */,
				0914A0991D125AEF00B95D6F /* Default-568h@2x.png in Resources */,
				B376ADFB15C714C100BA3CA1 /* whiteButton.png in Resources */,
				B376ADFC15C714C100BA3CA1 /* whiteButton@2x.png in Resources */,
				B376ADFD15C714C100BA3CA1 /* whiteButtonHighlight.png in Resources */,
				B376ADFE15C714C100BA3CA1 /* whiteButtonHighlight@2x.png in Resources */,
				B376ADFF15C714C100BA3CA1 /* nav.png in Resources */,
				B376AE0015C714C100BA3CA1 /* nav@2x.png in Resources */,
				B376AE0115C714C100BA3CA1 /* segment-selected@2x.png in Resources */,
				B376AE0215C714C100BA3CA1 /* segment-unselected@2x.png in Resources */,
				B376AE0315C714C100BA3CA1 /* sel-unsel@2x.png in Resources */,
				B376AE0415C714C100BA3CA1 /* unsel-sel@2x.png in Resources */,
				B376AE0515C714C100BA3CA1 /* thumb-loading@2x.png in Resources */,
				B376AE0615C714C100BA3CA1 /* thumbnail-loading.png in Resources */,
				B376AE5F15C7229600BA3CA1 /* Add.png in Resources */,
				B376AE6015C7229600BA3CA1 /* Arrange Documents.png in Resources */,
				B376AE6115C7229600BA3CA1 /* Battery 100 Percent.png in Resources */,
				B376AE6215C7229600BA3CA1 /* Battery 25 Percent.png in Resources */,
				B376AE6315C7229600BA3CA1 /* Battery 50 Percent.png in Resources */,
				B376AE6415C7229600BA3CA1 /* Battery 75 Percent.png in Resources */,
				B376AE6515C7229600BA3CA1 /* Battery Charging.png in Resources */,
				B376AE6615C7229600BA3CA1 /* Blank Page.png in Resources */,
				B376AE6715C7229600BA3CA1 /* Blur Tool.png in Resources */,
				B376AE6815C7229600BA3CA1 /* Calender.png in Resources */,
				B376AE6915C7229600BA3CA1 /* Camera.png in Resources */,
				B376AE6B15C7229600BA3CA1 /* cloud.png in Resources */,
				B376AE6C15C7229600BA3CA1 /* Comment.png in Resources */,
				B376AE6D15C7229600BA3CA1 /* Comments.png in Resources */,
				B376AE6E15C7229600BA3CA1 /* Copy 1.png in Resources */,
				B376AE6F15C7229600BA3CA1 /* Copy 2.png in Resources */,
				B376AE7015C7229600BA3CA1 /* Credit Card.png in Resources */,
				B376AE7115C7229600BA3CA1 /* Crop Tool.png in Resources */,
				B376AE7215C7229600BA3CA1 /* Cross.png in Resources */,
				B376AE7315C7229600BA3CA1 /* Download.png in Resources */,
				B376AE7415C7229600BA3CA1 /* Elliptical Marquee Tool.png in Resources */,
				B376AE7515C7229600BA3CA1 /* Equalizer 1.png in Resources */,
				B376AE7615C7229600BA3CA1 /* Equalizer 2.png in Resources */,
				B376AE7715C7229600BA3CA1 /* Equalizer 3.png in Resources */,
				B376AE7815C7229600BA3CA1 /* Equalizer 4.png in Resources */,
				B376AE7915C7229600BA3CA1 /* Equalizer 5.png in Resources */,
				B376AE7A15C7229600BA3CA1 /* Equalizer 6.png in Resources */,
				B376AE7B15C7229600BA3CA1 /* Equalizer 7.png in Resources */,
				B376AE7C15C7229600BA3CA1 /* Equalizer 8.png in Resources */,
				B376AE7D15C7229600BA3CA1 /* Eraser.png in Resources */,
				B376AE7E15C7229600BA3CA1 /* Eyedropper Tool.png in Resources */,
				B376AE7F15C7229600BA3CA1 /* Female User.png in Resources */,
				B376AE8015C7229600BA3CA1 /* Full Screen Mode.png in Resources */,
				B376AE8115C7229600BA3CA1 /* Graph 1.png in Resources */,
				B376AE8215C7229600BA3CA1 /* Graph 2.png in Resources */,
				B376AE8315C7229600BA3CA1 /* Graph 3.png in Resources */,
				B376AE8415C7229600BA3CA1 /* Graph 4.png in Resources */,
				B376AE8515C7229600BA3CA1 /* Grid View 2.png in Resources */,
				B376AE8615C7229600BA3CA1 /* Grid View.png in Resources */,
				B376AE8815C7229600BA3CA1 /* Keychain.png in Resources */,
				B376AE8915C7229600BA3CA1 /* List View.png in Resources */,
				B376AE8A15C7229600BA3CA1 /* Location.png in Resources */,
				B376AE8B15C7229600BA3CA1 /* Mail.png in Resources */,
				B376AE8C15C7229600BA3CA1 /* Male User.png in Resources */,
				B376AE8D15C7229600BA3CA1 /* Mouse 2.png in Resources */,
				B376AE8E15C7229600BA3CA1 /* Mouse.png in Resources */,
				B376AE8F15C7229600BA3CA1 /* Next.png in Resources */,
				B376AE9015C7229600BA3CA1 /* Notepad.png in Resources */,
				B376AE9115C7229600BA3CA1 /* Page No Text.png in Resources */,
				B376AE9215C7229600BA3CA1 /* Page With Text.png in Resources */,
				B376AE9315C7229600BA3CA1 /* Paintbrush Tool.png in Resources */,
				B376AE9415C7229600BA3CA1 /* Pause.png in Resources */,
				B376AE9515C7229600BA3CA1 /* Pen Tool.png in Resources */,
				B376AE9615C7229600BA3CA1 /* Play.png in Resources */,
				B376AE9715C7229600BA3CA1 /* Previous.png in Resources */,
				B376AE9815C7229600BA3CA1 /* Profile Info.png in Resources */,
				B376AE9915C7229600BA3CA1 /* Rectangular Marquee Tool.png in Resources */,
				B376AE9A15C7229600BA3CA1 /* Remove.png in Resources */,
				B376AE9B15C7229600BA3CA1 /* Ruler.png in Resources */,
				B376AE9C15C7229600BA3CA1 /* Screen Mode 1.png in Resources */,
				B376AE9D15C7229600BA3CA1 /* Screen Mode 2.png in Resources */,
				B376AE9E15C7229600BA3CA1 /* Search.png in Resources */,
				B376AE9F15C7229600BA3CA1 /* Shape Layers.png in Resources */,
				B376AEA015C7229600BA3CA1 /* Signal.png in Resources */,
				B376AEA115C7229600BA3CA1 /* Star 1.png in Resources */,
				B376AEA215C7229600BA3CA1 /* Star 2.png in Resources */,
				B376AEA315C7229600BA3CA1 /* Stop.png in Resources */,
				B376AEA415C7229600BA3CA1 /* Tag.png in Resources */,
				B376AEA515C7229600BA3CA1 /* Tick.png in Resources */,
				B376AEA615C7229600BA3CA1 /* Trash.png in Resources */,
				B376AEA715C7229600BA3CA1 /* Upload.png in Resources */,
				B376AEA815C7229600BA3CA1 /* View Extras.png in Resources */,
				B376AEA915C7229600BA3CA1 /* Web Page.png in Resources */,
				B376AEAA15C7229600BA3CA1 /* Zoom In.png in Resources */,
				B376AEAB15C7229600BA3CA1 /* Zoom Out.png in Resources */,
				B376AEB115C7303500BA3CA1 /* large-thumb.png in Resources */,
				B376AEB215C7303500BA3CA1 /* large-thumb@2x.png in Resources */,
				B376AEB615C7475E00BA3CA1 /* clock.png in Resources */,
				B376AEB715C7475E00BA3CA1 /* heart.png in Resources */,
				B376AEB815C7475E00BA3CA1 /* tags.png in Resources */,
				B376AEBA15C75D4300BA3CA1 /* arrow-back@2x.png in Resources */,
				B376AEC115C7646500BA3CA1 /* todo.png in Resources */,
				B376AEC215C7646500BA3CA1 /* todo@2x.png in Resources */,
				B376AEC415C7657500BA3CA1 /* Navigation_bar_divide_right.png in Resources */,
				B376AEC615C7659000BA3CA1 /* Navigation_bar_divide_left.png in Resources */,
				B376AF7215C89E0D00BA3CA1 /* RootViewController.xib in Resources */,
				B376AF8915C8A21800BA3CA1 /* README.md in Resources */,
			);
			runOnlyForDeploymentPostprocessing = 0;
		};
/* End PBXResourcesBuildPhase section */

/* Begin PBXSourcesBuildPhase section */
		B3EB292115ADE9F700D8EECE /* Sources */ = {
			isa = PBXSourcesBuildPhase;
			buildActionMask = 2147483647;
			files = (
				B3EB293615ADE9F700D8EECE /* main.m in Sources */,
				B376AF6715C89E0D00BA3CA1 /* AppDelegate.m in Sources */,
				B376AF6815C89E0D00BA3CA1 /* NSDate+helpers.m in Sources */,
				B376AF6915C89E0D00BA3CA1 /* NSDate-Utilities.m in Sources */,
				B376AF6A15C89E0D00BA3CA1 /* TimeFormatters.m in Sources */,
				B376AF6B15C89E0D00BA3CA1 /* UINavigationBar+DropShadow.m in Sources */,
				B376AF6C15C89E0D00BA3CA1 /* InstaClient.m in Sources */,
				B376AF6D15C89E0D00BA3CA1 /* InstaRequest.m in Sources */,
				B376AF6E15C89E0D00BA3CA1 /* DetailViewController.m in Sources */,
				B376AF6F15C89E0D00BA3CA1 /* FeedViewController.m in Sources */,
				B376AF7015C89E0D00BA3CA1 /* GalleryViewController.m in Sources */,
				B376AF7115C89E0D00BA3CA1 /* RootViewController.m in Sources */,
				B376AF7315C89E0D00BA3CA1 /* SubTableViewController.m in Sources */,
				B376AF7415C89E0D00BA3CA1 /* AFHTTPClient.m in Sources */,
				B376AF7515C89E0D00BA3CA1 /* AFHTTPRequestOperation.m in Sources */,
				B376AF7615C89E0D00BA3CA1 /* AFImageRequestOperation.m in Sources */,
				B376AF7715C89E0D00BA3CA1 /* AFJSONRequestOperation.m in Sources */,
				B376AF7815C89E0D00BA3CA1 /* AFJSONUtilities.m in Sources */,
				B376AF7915C89E0D00BA3CA1 /* AFNetworkActivityIndicatorManager.m in Sources */,
				B376AF7A15C89E0D00BA3CA1 /* AFPropertyListRequestOperation.m in Sources */,
				B376AF7B15C89E0D00BA3CA1 /* AFURLConnectionOperation.m in Sources */,
				B376AF7C15C89E0D00BA3CA1 /* AFXMLRequestOperation.m in Sources */,
				B376AF7D15C89E0D00BA3CA1 /* UIImageView+AFNetworking.m in Sources */,
				B376AF7E15C89E0D00BA3CA1 /* FeedCell.m in Sources */,
				B376AF7F15C89E0D00BA3CA1 /* FeedSectionHeader.m in Sources */,
				B376AF8015C89E0D00BA3CA1 /* GalleryCell.m in Sources */,
				B376AF8115C89E0D00BA3CA1 /* TableFooterView.m in Sources */,
				B376AF8215C89E0D00BA3CA1 /* TableHeaderView.m in Sources */,
				B376AF8315C89E0D00BA3CA1 /* TitleView.m in Sources */,
			);
			runOnlyForDeploymentPostprocessing = 0;
		};
/* End PBXSourcesBuildPhase section */

/* Begin PBXVariantGroup section */
		B3EB293215ADE9F700D8EECE /* InfoPlist.strings */ = {
			isa = PBXVariantGroup;
			children = (
				B3EB293315ADE9F700D8EECE /* en */,
			);
			name = InfoPlist.strings;
			sourceTree = "<group>";
		};
/* End PBXVariantGroup section */

/* Begin XCBuildConfiguration section */
		B3EB293B15ADE9F700D8EECE /* Debug */ = {
			isa = XCBuildConfiguration;
			buildSettings = {
				ALWAYS_SEARCH_USER_PATHS = NO;
				CLANG_ENABLE_OBJC_ARC = YES;
				CLANG_WARN_BOOL_CONVERSION = YES;
				CLANG_WARN_CONSTANT_CONVERSION = YES;
				CLANG_WARN_EMPTY_BODY = YES;
				CLANG_WARN_ENUM_CONVERSION = YES;
				CLANG_WARN_INT_CONVERSION = YES;
				CLANG_WARN_UNREACHABLE_CODE = YES;
				CLANG_WARN__DUPLICATE_METHOD_MATCH = YES;
				"CODE_SIGN_IDENTITY[sdk=iphoneos*]" = "iPhone Developer";
				COPY_PHASE_STRIP = NO;
				ENABLE_STRICT_OBJC_MSGSEND = YES;
				ENABLE_TESTABILITY = YES;
				GCC_C_LANGUAGE_STANDARD = gnu99;
				GCC_DYNAMIC_NO_PIC = NO;
				GCC_NO_COMMON_BLOCKS = YES;
				GCC_OPTIMIZATION_LEVEL = 0;
				GCC_PREPROCESSOR_DEFINITIONS = (
					"DEBUG=1",
					"$(inherited)",
				);
				GCC_SYMBOLS_PRIVATE_EXTERN = NO;
				GCC_VERSION = com.apple.compilers.llvm.clang.1_0;
				GCC_WARN_64_TO_32_BIT_CONVERSION = YES;
				GCC_WARN_ABOUT_RETURN_TYPE = YES;
				GCC_WARN_UNDECLARED_SELECTOR = YES;
				GCC_WARN_UNINITIALIZED_AUTOS = YES;
				GCC_WARN_UNUSED_FUNCTION = YES;
				GCC_WARN_UNUSED_VARIABLE = YES;
				IPHONEOS_DEPLOYMENT_TARGET = 5.1;
				ONLY_ACTIVE_ARCH = YES;
				SDKROOT = iphoneos;
			};
			name = Debug;
		};
		B3EB293C15ADE9F700D8EECE /* Release */ = {
			isa = XCBuildConfiguration;
			buildSettings = {
				ALWAYS_SEARCH_USER_PATHS = NO;
				CLANG_ENABLE_OBJC_ARC = YES;
				CLANG_WARN_BOOL_CONVERSION = YES;
				CLANG_WARN_CONSTANT_CONVERSION = YES;
				CLANG_WARN_EMPTY_BODY = YES;
				CLANG_WARN_ENUM_CONVERSION = YES;
				CLANG_WARN_INT_CONVERSION = YES;
				CLANG_WARN_UNREACHABLE_CODE = YES;
				CLANG_WARN__DUPLICATE_METHOD_MATCH = YES;
				"CODE_SIGN_IDENTITY[sdk=iphoneos*]" = "iPhone Developer";
				COPY_PHASE_STRIP = YES;
				ENABLE_STRICT_OBJC_MSGSEND = YES;
				GCC_C_LANGUAGE_STANDARD = gnu99;
				GCC_NO_COMMON_BLOCKS = YES;
				GCC_VERSION = com.apple.compilers.llvm.clang.1_0;
				GCC_WARN_64_TO_32_BIT_CONVERSION = YES;
				GCC_WARN_ABOUT_RETURN_TYPE = YES;
				GCC_WARN_UNDECLARED_SELECTOR = YES;
				GCC_WARN_UNINITIALIZED_AUTOS = YES;
				GCC_WARN_UNUSED_FUNCTION = YES;
				GCC_WARN_UNUSED_VARIABLE = YES;
				IPHONEOS_DEPLOYMENT_TARGET = 5.1;
				OTHER_CFLAGS = "-DNS_BLOCK_ASSERTIONS=1";
				SDKROOT = iphoneos;
				VALIDATE_PRODUCT = YES;
			};
			name = Release;
		};
		B3EB293E15ADE9F700D8EECE /* Debug */ = {
			isa = XCBuildConfiguration;
			buildSettings = {
				GCC_PRECOMPILE_PREFIX_HEADER = YES;
				GCC_PREFIX_HEADER = "insta-tableview/insta-tableview-Prefix.pch";
				INFOPLIST_FILE = "insta-tableview/insta-tableview-Info.plist";
				PRODUCT_BUNDLE_IDENTIFIER = "us.xuan.${PRODUCT_NAME:rfc1034identifier}";
				PRODUCT_NAME = "$(TARGET_NAME)";
				WRAPPER_EXTENSION = app;
			};
			name = Debug;
		};
		B3EB293F15ADE9F700D8EECE /* Release */ = {
			isa = XCBuildConfiguration;
			buildSettings = {
				GCC_PRECOMPILE_PREFIX_HEADER = YES;
				GCC_PREFIX_HEADER = "insta-tableview/insta-tableview-Prefix.pch";
				INFOPLIST_FILE = "insta-tableview/insta-tableview-Info.plist";
				PRODUCT_BUNDLE_IDENTIFIER = "us.xuan.${PRODUCT_NAME:rfc1034identifier}";
				PRODUCT_NAME = "$(TARGET_NAME)";
				WRAPPER_EXTENSION = app;
			};
			name = Release;
		};
/* End XCBuildConfiguration section */

/* Begin XCConfigurationList section */
		B3EB291F15ADE9F700D8EECE /* Build configuration list for PBXProject "insta-tableview" */ = {
			isa = XCConfigurationList;
			buildConfigurations = (
				B3EB293B15ADE9F700D8EECE /* Debug */,
				B3EB293C15ADE9F700D8EECE /* Release */,
			);
			defaultConfigurationIsVisible = 0;
			defaultConfigurationName = Release;
		};
		B3EB293D15ADE9F700D8EECE /* Build configuration list for PBXNativeTarget "insta-tableview" */ = {
			isa = XCConfigurationList;
			buildConfigurations = (
				B3EB293E15ADE9F700D8EECE /* Debug */,
				B3EB293F15ADE9F700D8EECE /* Release */,
			);
			defaultConfigurationIsVisible = 0;
			defaultConfigurationName = Release;
		};
/* End XCConfigurationList section */
	};
	rootObject = B3EB291C15ADE9F700D8EECE /* Project object */;
}
